PODS:
  - AFNetworking (2.5.0):
    - AFNetworking/NSURLConnection (= 2.5.0)
    - AFNetworking/NSURLSession (= 2.5.0)
    - AFNetworking/Reachability (= 2.5.0)
    - AFNetworking/Security (= 2.5.0)
    - AFNetworking/Serialization (= 2.5.0)
    - AFNetworking/UIKit (= 2.5.0)
  - AFNetworking/NSURLConnection (2.5.0):
    - AFNetworking/Reachability
    - AFNetworking/Security
    - AFNetworking/Serialization
  - AFNetworking/NSURLSession (2.5.0):
    - AFNetworking/Reachability
    - AFNetworking/Security
    - AFNetworking/Serialization
  - AFNetworking/Reachability (2.5.0)
  - AFNetworking/Security (2.5.0)
  - AFNetworking/Serialization (2.5.0)
  - AFNetworking/UIKit (2.5.0):
    - AFNetworking/NSURLConnection
    - AFNetworking/NSURLSession
  - DCKeyValueObjectMapping (1.4)
  - Expecta (0.3.1)
  - GCDWebServer (3.2.2):
    - GCDWebServer/Core (= 3.2.2)
  - GCDWebServer/Core (3.2.2)
  - InflectorKit (0.0.1)
  - OCMock (3.1.2)
  - Specta (0.2.1)

DEPENDENCIES:
  - AFNetworking
  - DCKeyValueObjectMapping
  - Expecta
  - GCDWebServer
  - InflectorKit
  - OCMock
  - Specta

SPEC CHECKSUMS:
  AFNetworking: 0f54cb5d16ce38c1b76948faffb8d5fb705021c7
  DCKeyValueObjectMapping: c3561709f296ddffba7768a9d7ccf234307fd3c9
  Expecta: 03aabd0a89d8dea843baecb19a7fd7466a69a31d
  GCDWebServer: 285fde9951ab2cd87c2d9d74735fee977a16fe04
  InflectorKit: bb1f5c9feb01d17450b8bcdeb7ab1ef1832b2247
  OCMock: ecdd510b73ef397f2f97274785c1e87fd147c49f
  Specta: 9141310f46b1f68b676650ff2854e1ed0b74163a

COCOAPODS: 0.36.0.beta.1
