PODS:
  - AFNetworking (2.5.2):
    - AFNetworking/NSURLConnection (= 2.5.2)
    - AFNetworking/NSURLSession (= 2.5.2)
    - AFNetworking/Reachability (= 2.5.2)
    - AFNetworking/Security (= 2.5.2)
    - AFNetworking/Serialization (= 2.5.2)
    - AFNetworking/UIKit (= 2.5.2)
  - AFNetworking/NSURLConnection (2.5.2):
    - AFNetworking/Reachability
    - AFNetworking/Security
    - AFNetworking/Serialization
  - AFNetworking/NSURLSession (2.5.2):
    - AFNetworking/Reachability
    - AFNetworking/Security
    - AFNetworking/Serialization
  - AFNetworking/Reachability (2.5.2)
  - AFNetworking/Security (2.5.2)
  - AFNetworking/Serialization (2.5.2)
  - AFNetworking/UIKit (2.5.2):
    - AFNetworking/NSURLConnection
    - AFNetworking/NSURLSession
  - APIClient (0.1.1):
    - AFNetworking (~> 2.5)
    - DCKeyValueObjectMapping (~> 1.4)
    - InflectorKit (= 0.0.1)
  - DCKeyValueObjectMapping (1.4)
  - Expecta (0.3.2)
  - GCDWebServer (3.2.2):
    - GCDWebServer/Core (= 3.2.2)
  - GCDWebServer/Core (3.2.2)
  - InflectorKit (0.0.1)
  - OCMock (3.1.2)
  - Specta (0.5.0)

DEPENDENCIES:
  - AFNetworking
  - APIClient (from `./`)
  - DCKeyValueObjectMapping
  - Expecta
  - GCDWebServer
  - InflectorKit
  - OCMock
  - Specta

EXTERNAL SOURCES:
  APIClient:
    :path: ./

SPEC CHECKSUMS:
  AFNetworking: fefbce9660acb17f48ae0011292d4da0f457bf36
  APIClient: 87d03c326951ce5540b5ef83d775b86728eecea9
  DCKeyValueObjectMapping: 04cd5a338c03ce1c02488926cab6e1d1f704a093
  Expecta: 8c507baf13211207b1e9d0a741480600e6b4ed15
  GCDWebServer: 5320220ad0d497da8e7beca1396f0c82d4f83730
  InflectorKit: 64497199e6764f4d8337cab7f700a77b13d76a73
  OCMock: a10ea9f0a6e921651f96f78b6faee95ebc813b92
  Specta: eb90708ed77569bbda089f8ead10bb99b8e9489e

COCOAPODS: 0.36.3
