PODS:
  - APIClient (0.1.1):
    - DCKeyValueObjectMapping (~> 1.4)
    - InflectorKit (= 0.0.1)
  - DCKeyValueObjectMapping (1.4)
  - Expecta (0.3.2)
  - GCDWebServer (3.2.2):
    - GCDWebServer/Core (= 3.2.2)
  - GCDWebServer/Core (3.2.2)
  - InflectorKit (0.0.1)
  - OCMock (3.1.2)
  - Specta (0.5.0)

DEPENDENCIES:
  - APIClient (from `./`)
  - DCKeyValueObjectMapping
  - Expecta
  - GCDWebServer
  - InflectorKit
  - OCMock
  - Specta

EXTERNAL SOURCES:
  APIClient:
    :path: ./

SPEC CHECKSUMS:
  APIClient: 47256718e030c8287f10b5d14f8f6f58556a9c20
  DCKeyValueObjectMapping: 04cd5a338c03ce1c02488926cab6e1d1f704a093
  Expecta: 8c507baf13211207b1e9d0a741480600e6b4ed15
  GCDWebServer: 5320220ad0d497da8e7beca1396f0c82d4f83730
  InflectorKit: 64497199e6764f4d8337cab7f700a77b13d76a73
  OCMock: a10ea9f0a6e921651f96f78b6faee95ebc813b92
  Specta: eb90708ed77569bbda089f8ead10bb99b8e9489e

COCOAPODS: 0.36.3
