// !$*UTF8*$!
{
	archiveVersion = 1;
	classes = {
	};
	objectVersion = 46;
	objects = {

/* Begin PBXBuildFile section */
		30729EC09F66C8C08441F074 /* libPods.a in Frameworks */ = {isa = PBXBuildFile; fileRef = B90C9CD54F454A5A8C067A5C /* libPods.a */; };
		8862960C6A9D4AB3A98464C1 /* libPods-Specs.a in Frameworks */ = {isa = PBXBuildFile; fileRef = AC047CB0CC064A31BAF31F64 /* libPods-Specs.a */; };
		A111727A1A76B42300750929 /* libAPIClient.a in Frameworks */ = {isa = PBXBuildFile; fileRef = A19B260E17D17056008DA908 /* libAPIClient.a */; };
		A116891E1854FD3800969587 /* Product.m in Sources */ = {isa = PBXBuildFile; fileRef = A116891D1854FD3800969587 /* Product.m */; };
		A13049A818528178003EA1FA /* XCTest.framework in Frameworks */ = {isa = PBXBuildFile; fileRef = A158923D184FDC6400028655 /* XCTest.framework */; };
		A13049A918528178003EA1FA /* Foundation.framework in Frameworks */ = {isa = PBXBuildFile; fileRef = A19B25BA17D16E47008DA908 /* Foundation.framework */; };
		A13049AA18528178003EA1FA /* UIKit.framework in Frameworks */ = {isa = PBXBuildFile; fileRef = A1537E3717D1768400D22137 /* UIKit.framework */; };
		A13049B018528178003EA1FA /* InfoPlist.strings in Resources */ = {isa = PBXBuildFile; fileRef = A13049AE18528178003EA1FA /* InfoPlist.strings */; };
		A13049BB18528205003EA1FA /* IntegrationSpec.m in Sources */ = {isa = PBXBuildFile; fileRef = A13049BA18528205003EA1FA /* IntegrationSpec.m */; };
		A13049C5185283AF003EA1FA /* FakeAPI.m in Sources */ = {isa = PBXBuildFile; fileRef = A13049C3185283AF003EA1FA /* FakeAPI.m */; };
		A1534DB5185687430095C11C /* Responses in Resources */ = {isa = PBXBuildFile; fileRef = A1534DB4185687430095C11C /* Responses */; };
		A1537E3817D1768400D22137 /* UIKit.framework in Frameworks */ = {isa = PBXBuildFile; fileRef = A1537E3717D1768400D22137 /* UIKit.framework */; };
		A1537E3917D176AA00D22137 /* UIKit.framework in Frameworks */ = {isa = PBXBuildFile; fileRef = A1537E3717D1768400D22137 /* UIKit.framework */; };
		A1589206184FDA8200028655 /* APIClient.m in Sources */ = {isa = PBXBuildFile; fileRef = A1589201184FDA8200028655 /* APIClient.m */; };
		A1589207184FDA8200028655 /* APIClientConfiguration.m in Sources */ = {isa = PBXBuildFile; fileRef = A1589203184FDA8200028655 /* APIClientConfiguration.m */; };
		A158920A184FDA9500028655 /* APIResponse.m in Sources */ = {isa = PBXBuildFile; fileRef = A1589209184FDA9500028655 /* APIResponse.m */; };
		A158920D184FDA9F00028655 /* APIRouter.m in Sources */ = {isa = PBXBuildFile; fileRef = A158920C184FDA9F00028655 /* APIRouter.m */; };
		A1589210184FDAB000028655 /* APIJSONSerializer.m in Sources */ = {isa = PBXBuildFile; fileRef = A158920F184FDAB000028655 /* APIJSONSerializer.m */; };
		A1589214184FDABC00028655 /* APIMapper.m in Sources */ = {isa = PBXBuildFile; fileRef = A1589212184FDABC00028655 /* APIMapper.m */; };
		A1589219184FDACD00028655 /* APIInflector.m in Sources */ = {isa = PBXBuildFile; fileRef = A1589216184FDACD00028655 /* APIInflector.m */; };
		A158921A184FDACD00028655 /* APIResourceNamer.m in Sources */ = {isa = PBXBuildFile; fileRef = A1589218184FDACD00028655 /* APIResourceNamer.m */; };
		A158923E184FDC6400028655 /* XCTest.framework in Frameworks */ = {isa = PBXBuildFile; fileRef = A158923D184FDC6400028655 /* XCTest.framework */; };
		A158923F184FDD0300028655 /* TestMappingProvider.m in Sources */ = {isa = PBXBuildFile; fileRef = A158923B184FDB5A00028655 /* TestMappingProvider.m */; };
		A1589240184FDD0300028655 /* APITestHTTPClient.m in Sources */ = {isa = PBXBuildFile; fileRef = A1589221184FDB2600028655 /* APITestHTTPClient.m */; };
		A1589241184FDD0300028655 /* OrderLine.m in Sources */ = {isa = PBXBuildFile; fileRef = A1589223184FDB2600028655 /* OrderLine.m */; };
		A1589243184FDD0300028655 /* APIClientSpecs.m in Sources */ = {isa = PBXBuildFile; fileRef = A158922A184FDB3900028655 /* APIClientSpecs.m */; };
		A1589244184FDD0300028655 /* APIResponseSpecs.m in Sources */ = {isa = PBXBuildFile; fileRef = A158922F184FDB3900028655 /* APIResponseSpecs.m */; };
		A1589245184FDD0300028655 /* APIRouterSpecs.m in Sources */ = {isa = PBXBuildFile; fileRef = A1589230184FDB3900028655 /* APIRouterSpecs.m */; };
		A1589246184FDD0300028655 /* APIInflectorSpecs.m in Sources */ = {isa = PBXBuildFile; fileRef = A158922B184FDB3900028655 /* APIInflectorSpecs.m */; };
		A1589247184FDD0300028655 /* APIClientConfigurationSpecs.m in Sources */ = {isa = PBXBuildFile; fileRef = A1589229184FDB3900028655 /* APIClientConfigurationSpecs.m */; };
		A1589248184FDD0300028655 /* APIJSONSerializerSpec.m in Sources */ = {isa = PBXBuildFile; fileRef = A158922C184FDB3900028655 /* APIJSONSerializerSpec.m */; };
		A1589249184FDD0300028655 /* APIMapperSpec.m in Sources */ = {isa = PBXBuildFile; fileRef = A158922D184FDB3900028655 /* APIMapperSpec.m */; };
		A158924A184FDD0300028655 /* APIResourceNamerSpec.m in Sources */ = {isa = PBXBuildFile; fileRef = A158922E184FDB3900028655 /* APIResourceNamerSpec.m */; };
		A1894E6E17D17CBE0052609F /* SystemConfiguration.framework in Frameworks */ = {isa = PBXBuildFile; fileRef = A1894E6D17D17CBE0052609F /* SystemConfiguration.framework */; };
		A1894E7017D17CC60052609F /* MobileCoreServices.framework in Frameworks */ = {isa = PBXBuildFile; fileRef = A1894E6F17D17CC60052609F /* MobileCoreServices.framework */; };
		A18ADE121857CA8E00E7F793 /* Product.m in Sources */ = {isa = PBXBuildFile; fileRef = A1589225184FDB2600028655 /* Product.m */; };
		A19B260F17D17056008DA908 /* Foundation.framework in Frameworks */ = {isa = PBXBuildFile; fileRef = A19B25BA17D16E47008DA908 /* Foundation.framework */; };
		A19B261F17D17056008DA908 /* Foundation.framework in Frameworks */ = {isa = PBXBuildFile; fileRef = A19B25BA17D16E47008DA908 /* Foundation.framework */; };
		A19B262217D17056008DA908 /* libAPIClient.a in Frameworks */ = {isa = PBXBuildFile; fileRef = A19B260E17D17056008DA908 /* libAPIClient.a */; };
		A1B00B051AD647B2004D6798 /* APIHTTPClient.m in Sources */ = {isa = PBXBuildFile; fileRef = A1B00B041AD647B2004D6798 /* APIHTTPClient.m */; };
		CB64A1AFD06C4B9DAED00C23 /* libPods-IntegrationSpecs.a in Frameworks */ = {isa = PBXBuildFile; fileRef = 9E99FEFE1901430F916E2625 /* libPods-IntegrationSpecs.a */; };
/* End PBXBuildFile section */

/* Begin PBXContainerItemProxy section */
		A13049B418528178003EA1FA /* PBXContainerItemProxy */ = {
			isa = PBXContainerItemProxy;
			containerPortal = A19B25AF17D16E47008DA908 /* Project object */;
			proxyType = 1;
			remoteGlobalIDString = A19B260D17D17056008DA908;
			remoteInfo = APIClient;
		};
		A19B262017D17056008DA908 /* PBXContainerItemProxy */ = {
			isa = PBXContainerItemProxy;
			containerPortal = A19B25AF17D16E47008DA908 /* Project object */;
			proxyType = 1;
			remoteGlobalIDString = A19B260D17D17056008DA908;
			remoteInfo = APIClient;
		};
/* End PBXContainerItemProxy section */

/* Begin PBXCopyFilesBuildPhase section */
		A19B260C17D17056008DA908 /* Copy Files */ = {
			isa = PBXCopyFilesBuildPhase;
			buildActionMask = 2147483647;
			dstPath = "include/${PRODUCT_NAME}";
			dstSubfolderSpec = 16;
			files = (
			);
			name = "Copy Files";
			runOnlyForDeploymentPostprocessing = 0;
		};
/* End PBXCopyFilesBuildPhase section */

/* Begin PBXFileReference section */
		0A36148DFE3023A9C1037674 /* Pods-IntegrationSpecs.debug.xcconfig */ = {isa = PBXFileReference; includeInIndex = 1; lastKnownFileType = text.xcconfig; name = "Pods-IntegrationSpecs.debug.xcconfig"; path = "Pods/Target Support Files/Pods-IntegrationSpecs/Pods-IntegrationSpecs.debug.xcconfig"; sourceTree = "<group>"; };
		56E91A644599CFF0233DC63E /* Pods-Specs.debug.xcconfig */ = {isa = PBXFileReference; includeInIndex = 1; lastKnownFileType = text.xcconfig; name = "Pods-Specs.debug.xcconfig"; path = "Pods/Target Support Files/Pods-Specs/Pods-Specs.debug.xcconfig"; sourceTree = "<group>"; };
		7E8B68D0F34733B27A881473 /* libPods-APIClient.a */ = {isa = PBXFileReference; explicitFileType = archive.ar; includeInIndex = 0; path = "libPods-APIClient.a"; sourceTree = BUILT_PRODUCTS_DIR; };
		9E99FEFE1901430F916E2625 /* libPods-IntegrationSpecs.a */ = {isa = PBXFileReference; explicitFileType = archive.ar; includeInIndex = 0; path = "libPods-IntegrationSpecs.a"; sourceTree = BUILT_PRODUCTS_DIR; };
		A116891C1854FD3800969587 /* Product.h */ = {isa = PBXFileReference; fileEncoding = 4; lastKnownFileType = sourcecode.c.h; path = Product.h; sourceTree = "<group>"; };
		A116891D1854FD3800969587 /* Product.m */ = {isa = PBXFileReference; fileEncoding = 4; lastKnownFileType = sourcecode.c.objc; path = Product.m; sourceTree = "<group>"; };
		A13049A718528178003EA1FA /* IntegrationSpecs.xctest */ = {isa = PBXFileReference; explicitFileType = wrapper.cfbundle; includeInIndex = 0; path = IntegrationSpecs.xctest; sourceTree = BUILT_PRODUCTS_DIR; };
		A13049AD18528178003EA1FA /* IntegrationSpecs-Info.plist */ = {isa = PBXFileReference; lastKnownFileType = text.plist.xml; path = "IntegrationSpecs-Info.plist"; sourceTree = "<group>"; };
		A13049AF18528178003EA1FA /* en */ = {isa = PBXFileReference; lastKnownFileType = text.plist.strings; name = en; path = en.lproj/InfoPlist.strings; sourceTree = "<group>"; };
		A13049B9185281F2003EA1FA /* SpecHelper.h */ = {isa = PBXFileReference; fileEncoding = 4; lastKnownFileType = sourcecode.c.h; path = SpecHelper.h; sourceTree = "<group>"; };
		A13049BA18528205003EA1FA /* IntegrationSpec.m */ = {isa = PBXFileReference; fileEncoding = 4; lastKnownFileType = sourcecode.c.objc; path = IntegrationSpec.m; sourceTree = "<group>"; };
		A13049C2185283AF003EA1FA /* FakeAPI.h */ = {isa = PBXFileReference; fileEncoding = 4; lastKnownFileType = sourcecode.c.h; path = FakeAPI.h; sourceTree = "<group>"; };
		A13049C3185283AF003EA1FA /* FakeAPI.m */ = {isa = PBXFileReference; fileEncoding = 4; lastKnownFileType = sourcecode.c.objc; path = FakeAPI.m; sourceTree = "<group>"; };
		A1534DB4185687430095C11C /* Responses */ = {isa = PBXFileReference; lastKnownFileType = folder; path = Responses; sourceTree = "<group>"; };
		A1537E3717D1768400D22137 /* UIKit.framework */ = {isa = PBXFileReference; lastKnownFileType = wrapper.framework; name = UIKit.framework; path = System/Library/Frameworks/UIKit.framework; sourceTree = SDKROOT; };
		A1589200184FDA8200028655 /* APIClient.h */ = {isa = PBXFileReference; fileEncoding = 4; lastKnownFileType = sourcecode.c.h; name = APIClient.h; path = Classes/APIClient.h; sourceTree = SOURCE_ROOT; };
		A1589201184FDA8200028655 /* APIClient.m */ = {isa = PBXFileReference; fileEncoding = 4; lastKnownFileType = sourcecode.c.objc; name = APIClient.m; path = Classes/APIClient.m; sourceTree = SOURCE_ROOT; };
		A1589202184FDA8200028655 /* APIClientConfiguration.h */ = {isa = PBXFileReference; fileEncoding = 4; lastKnownFileType = sourcecode.c.h; name = APIClientConfiguration.h; path = Classes/APIClientConfiguration.h; sourceTree = SOURCE_ROOT; };
		A1589203184FDA8200028655 /* APIClientConfiguration.m */ = {isa = PBXFileReference; fileEncoding = 4; lastKnownFileType = sourcecode.c.objc; name = APIClientConfiguration.m; path = Classes/APIClientConfiguration.m; sourceTree = SOURCE_ROOT; };
		A1589204184FDA8200028655 /* APIHTTPClient.h */ = {isa = PBXFileReference; fileEncoding = 4; lastKnownFileType = sourcecode.c.h; name = APIHTTPClient.h; path = Classes/APIHTTPClient.h; sourceTree = SOURCE_ROOT; };
		A1589208184FDA9500028655 /* APIResponse.h */ = {isa = PBXFileReference; fileEncoding = 4; lastKnownFileType = sourcecode.c.h; name = APIResponse.h; path = Classes/APIResponse.h; sourceTree = SOURCE_ROOT; };
		A1589209184FDA9500028655 /* APIResponse.m */ = {isa = PBXFileReference; fileEncoding = 4; lastKnownFileType = sourcecode.c.objc; name = APIResponse.m; path = Classes/APIResponse.m; sourceTree = SOURCE_ROOT; };
		A158920B184FDA9F00028655 /* APIRouter.h */ = {isa = PBXFileReference; fileEncoding = 4; lastKnownFileType = sourcecode.c.h; name = APIRouter.h; path = Classes/APIRouter.h; sourceTree = SOURCE_ROOT; };
		A158920C184FDA9F00028655 /* APIRouter.m */ = {isa = PBXFileReference; fileEncoding = 4; lastKnownFileType = sourcecode.c.objc; name = APIRouter.m; path = Classes/APIRouter.m; sourceTree = SOURCE_ROOT; };
		A158920E184FDAB000028655 /* APIJSONSerializer.h */ = {isa = PBXFileReference; fileEncoding = 4; lastKnownFileType = sourcecode.c.h; name = APIJSONSerializer.h; path = Classes/APIJSONSerializer.h; sourceTree = SOURCE_ROOT; };
		A158920F184FDAB000028655 /* APIJSONSerializer.m */ = {isa = PBXFileReference; fileEncoding = 4; lastKnownFileType = sourcecode.c.objc; name = APIJSONSerializer.m; path = Classes/APIJSONSerializer.m; sourceTree = SOURCE_ROOT; };
		A1589211184FDABC00028655 /* APIMapper.h */ = {isa = PBXFileReference; fileEncoding = 4; lastKnownFileType = sourcecode.c.h; name = APIMapper.h; path = Classes/APIMapper.h; sourceTree = SOURCE_ROOT; };
		A1589212184FDABC00028655 /* APIMapper.m */ = {isa = PBXFileReference; fileEncoding = 4; lastKnownFileType = sourcecode.c.objc; name = APIMapper.m; path = Classes/APIMapper.m; sourceTree = SOURCE_ROOT; };
		A1589213184FDABC00028655 /* APIMappingProvider.h */ = {isa = PBXFileReference; fileEncoding = 4; lastKnownFileType = sourcecode.c.h; name = APIMappingProvider.h; path = Classes/APIMappingProvider.h; sourceTree = SOURCE_ROOT; };
		A1589215184FDACD00028655 /* APIInflector.h */ = {isa = PBXFileReference; fileEncoding = 4; lastKnownFileType = sourcecode.c.h; name = APIInflector.h; path = Classes/APIInflector.h; sourceTree = SOURCE_ROOT; };
		A1589216184FDACD00028655 /* APIInflector.m */ = {isa = PBXFileReference; fileEncoding = 4; lastKnownFileType = sourcecode.c.objc; name = APIInflector.m; path = Classes/APIInflector.m; sourceTree = SOURCE_ROOT; };
		A1589217184FDACD00028655 /* APIResourceNamer.h */ = {isa = PBXFileReference; fileEncoding = 4; lastKnownFileType = sourcecode.c.h; name = APIResourceNamer.h; path = Classes/APIResourceNamer.h; sourceTree = SOURCE_ROOT; };
		A1589218184FDACD00028655 /* APIResourceNamer.m */ = {isa = PBXFileReference; fileEncoding = 4; lastKnownFileType = sourcecode.c.objc; name = APIResourceNamer.m; path = Classes/APIResourceNamer.m; sourceTree = SOURCE_ROOT; };
		A158921B184FDAE300028655 /* APIClient-Prefix.pch */ = {isa = PBXFileReference; fileEncoding = 4; lastKnownFileType = sourcecode.c.h; name = "APIClient-Prefix.pch"; path = "Classes/APIClient-Prefix.pch"; sourceTree = SOURCE_ROOT; };
		A158921E184FDAFE00028655 /* en */ = {isa = PBXFileReference; lastKnownFileType = text.plist.strings; name = en; path = InfoPlist.strings; sourceTree = "<group>"; };
		A158921F184FDAFE00028655 /* Info.plist */ = {isa = PBXFileReference; fileEncoding = 4; lastKnownFileType = text.plist.xml; name = Info.plist; path = Specs/Info.plist; sourceTree = SOURCE_ROOT; };
		A1589220184FDB2600028655 /* APITestHTTPClient.h */ = {isa = PBXFileReference; fileEncoding = 4; lastKnownFileType = sourcecode.c.h; name = APITestHTTPClient.h; path = Specs/APITestHTTPClient.h; sourceTree = SOURCE_ROOT; };
		A1589221184FDB2600028655 /* APITestHTTPClient.m */ = {isa = PBXFileReference; fileEncoding = 4; lastKnownFileType = sourcecode.c.objc; name = APITestHTTPClient.m; path = Specs/APITestHTTPClient.m; sourceTree = SOURCE_ROOT; };
		A1589222184FDB2600028655 /* OrderLine.h */ = {isa = PBXFileReference; fileEncoding = 4; lastKnownFileType = sourcecode.c.h; name = OrderLine.h; path = Specs/OrderLine.h; sourceTree = SOURCE_ROOT; };
		A1589223184FDB2600028655 /* OrderLine.m */ = {isa = PBXFileReference; fileEncoding = 4; lastKnownFileType = sourcecode.c.objc; name = OrderLine.m; path = Specs/OrderLine.m; sourceTree = SOURCE_ROOT; };
		A1589224184FDB2600028655 /* Product.h */ = {isa = PBXFileReference; fileEncoding = 4; lastKnownFileType = sourcecode.c.h; name = Product.h; path = Specs/Product.h; sourceTree = SOURCE_ROOT; };
		A1589225184FDB2600028655 /* Product.m */ = {isa = PBXFileReference; fileEncoding = 4; lastKnownFileType = sourcecode.c.objc; name = Product.m; path = Specs/Product.m; sourceTree = SOURCE_ROOT; };
		A1589229184FDB3900028655 /* APIClientConfigurationSpecs.m */ = {isa = PBXFileReference; fileEncoding = 4; lastKnownFileType = sourcecode.c.objc; name = APIClientConfigurationSpecs.m; path = Specs/APIClientConfigurationSpecs.m; sourceTree = SOURCE_ROOT; };
		A158922A184FDB3900028655 /* APIClientSpecs.m */ = {isa = PBXFileReference; fileEncoding = 4; lastKnownFileType = sourcecode.c.objc; name = APIClientSpecs.m; path = Specs/APIClientSpecs.m; sourceTree = SOURCE_ROOT; };
		A158922B184FDB3900028655 /* APIInflectorSpecs.m */ = {isa = PBXFileReference; fileEncoding = 4; lastKnownFileType = sourcecode.c.objc; name = APIInflectorSpecs.m; path = Specs/APIInflectorSpecs.m; sourceTree = SOURCE_ROOT; };
		A158922C184FDB3900028655 /* APIJSONSerializerSpec.m */ = {isa = PBXFileReference; fileEncoding = 4; lastKnownFileType = sourcecode.c.objc; name = APIJSONSerializerSpec.m; path = Specs/APIJSONSerializerSpec.m; sourceTree = SOURCE_ROOT; };
		A158922D184FDB3900028655 /* APIMapperSpec.m */ = {isa = PBXFileReference; fileEncoding = 4; lastKnownFileType = sourcecode.c.objc; name = APIMapperSpec.m; path = Specs/APIMapperSpec.m; sourceTree = SOURCE_ROOT; };
		A158922E184FDB3900028655 /* APIResourceNamerSpec.m */ = {isa = PBXFileReference; fileEncoding = 4; lastKnownFileType = sourcecode.c.objc; name = APIResourceNamerSpec.m; path = Specs/APIResourceNamerSpec.m; sourceTree = SOURCE_ROOT; };
		A158922F184FDB3900028655 /* APIResponseSpecs.m */ = {isa = PBXFileReference; fileEncoding = 4; lastKnownFileType = sourcecode.c.objc; name = APIResponseSpecs.m; path = Specs/APIResponseSpecs.m; sourceTree = SOURCE_ROOT; };
		A1589230184FDB3900028655 /* APIRouterSpecs.m */ = {isa = PBXFileReference; fileEncoding = 4; lastKnownFileType = sourcecode.c.objc; name = APIRouterSpecs.m; path = Specs/APIRouterSpecs.m; sourceTree = SOURCE_ROOT; };
		A1589239184FDB4C00028655 /* SpecHelper.h */ = {isa = PBXFileReference; fileEncoding = 4; lastKnownFileType = sourcecode.c.h; name = SpecHelper.h; path = Specs/SpecHelper.h; sourceTree = SOURCE_ROOT; };
		A158923A184FDB5A00028655 /* TestMappingProvider.h */ = {isa = PBXFileReference; fileEncoding = 4; lastKnownFileType = sourcecode.c.h; name = TestMappingProvider.h; path = Specs/TestMappingProvider.h; sourceTree = SOURCE_ROOT; };
		A158923B184FDB5A00028655 /* TestMappingProvider.m */ = {isa = PBXFileReference; fileEncoding = 4; lastKnownFileType = sourcecode.c.objc; name = TestMappingProvider.m; path = Specs/TestMappingProvider.m; sourceTree = SOURCE_ROOT; };
		A158923D184FDC6400028655 /* XCTest.framework */ = {isa = PBXFileReference; lastKnownFileType = wrapper.framework; name = XCTest.framework; path = Library/Frameworks/XCTest.framework; sourceTree = DEVELOPER_DIR; };
		A1894E6D17D17CBE0052609F /* SystemConfiguration.framework */ = {isa = PBXFileReference; lastKnownFileType = wrapper.framework; name = SystemConfiguration.framework; path = System/Library/Frameworks/SystemConfiguration.framework; sourceTree = SDKROOT; };
		A1894E6F17D17CC60052609F /* MobileCoreServices.framework */ = {isa = PBXFileReference; lastKnownFileType = wrapper.framework; name = MobileCoreServices.framework; path = System/Library/Frameworks/MobileCoreServices.framework; sourceTree = SDKROOT; };
		A19B25BA17D16E47008DA908 /* Foundation.framework */ = {isa = PBXFileReference; lastKnownFileType = wrapper.framework; name = Foundation.framework; path = System/Library/Frameworks/Foundation.framework; sourceTree = SDKROOT; };
		A19B25C917D16E47008DA908 /* SenTestingKit.framework */ = {isa = PBXFileReference; lastKnownFileType = wrapper.framework; name = SenTestingKit.framework; path = Library/Frameworks/SenTestingKit.framework; sourceTree = DEVELOPER_DIR; };
		A19B260E17D17056008DA908 /* libAPIClient.a */ = {isa = PBXFileReference; explicitFileType = archive.ar; includeInIndex = 0; path = libAPIClient.a; sourceTree = BUILT_PRODUCTS_DIR; };
		A19B261C17D17056008DA908 /* Specs.xctest */ = {isa = PBXFileReference; explicitFileType = wrapper.cfbundle; includeInIndex = 0; path = Specs.xctest; sourceTree = BUILT_PRODUCTS_DIR; };
		A1B00B041AD647B2004D6798 /* APIHTTPClient.m */ = {isa = PBXFileReference; fileEncoding = 4; lastKnownFileType = sourcecode.c.objc; name = APIHTTPClient.m; path = Classes/APIHTTPClient.m; sourceTree = SOURCE_ROOT; };
		A64F1F3DB793A3EDA0B33AEC /* Pods-Specs.release.xcconfig */ = {isa = PBXFileReference; includeInIndex = 1; lastKnownFileType = text.xcconfig; name = "Pods-Specs.release.xcconfig"; path = "Pods/Target Support Files/Pods-Specs/Pods-Specs.release.xcconfig"; sourceTree = "<group>"; };
		AC047CB0CC064A31BAF31F64 /* libPods-Specs.a */ = {isa = PBXFileReference; explicitFileType = archive.ar; includeInIndex = 0; path = "libPods-Specs.a"; sourceTree = BUILT_PRODUCTS_DIR; };
		AE942C4F48D7A90C074ECD8E /* Pods.release.xcconfig */ = {isa = PBXFileReference; includeInIndex = 1; lastKnownFileType = text.xcconfig; name = Pods.release.xcconfig; path = "Pods/Target Support Files/Pods/Pods.release.xcconfig"; sourceTree = "<group>"; };
		B261F902EAC654527E16CB5F /* Pods.debug.xcconfig */ = {isa = PBXFileReference; includeInIndex = 1; lastKnownFileType = text.xcconfig; name = Pods.debug.xcconfig; path = "Pods/Target Support Files/Pods/Pods.debug.xcconfig"; sourceTree = "<group>"; };
		B90C9CD54F454A5A8C067A5C /* libPods.a */ = {isa = PBXFileReference; explicitFileType = archive.ar; includeInIndex = 0; path = libPods.a; sourceTree = BUILT_PRODUCTS_DIR; };
		FC665CFA4620E926C59CD75B /* Pods-IntegrationSpecs.release.xcconfig */ = {isa = PBXFileReference; includeInIndex = 1; lastKnownFileType = text.xcconfig; name = "Pods-IntegrationSpecs.release.xcconfig"; path = "Pods/Target Support Files/Pods-IntegrationSpecs/Pods-IntegrationSpecs.release.xcconfig"; sourceTree = "<group>"; };
/* End PBXFileReference section */

/* Begin PBXFrameworksBuildPhase section */
		A13049A418528178003EA1FA /* Frameworks */ = {
			isa = PBXFrameworksBuildPhase;
			buildActionMask = 2147483647;
			files = (
				A13049A818528178003EA1FA /* XCTest.framework in Frameworks */,
				A13049AA18528178003EA1FA /* UIKit.framework in Frameworks */,
				A13049A918528178003EA1FA /* Foundation.framework in Frameworks */,
				A111727A1A76B42300750929 /* libAPIClient.a in Frameworks */,
				CB64A1AFD06C4B9DAED00C23 /* libPods-IntegrationSpecs.a in Frameworks */,
			);
			runOnlyForDeploymentPostprocessing = 0;
		};
		A19B260B17D17056008DA908 /* Frameworks */ = {
			isa = PBXFrameworksBuildPhase;
			buildActionMask = 2147483647;
			files = (
				A1894E7017D17CC60052609F /* MobileCoreServices.framework in Frameworks */,
				A1894E6E17D17CBE0052609F /* SystemConfiguration.framework in Frameworks */,
				A1537E3817D1768400D22137 /* UIKit.framework in Frameworks */,
				A19B260F17D17056008DA908 /* Foundation.framework in Frameworks */,
				30729EC09F66C8C08441F074 /* libPods.a in Frameworks */,
			);
			runOnlyForDeploymentPostprocessing = 0;
		};
		A19B261817D17056008DA908 /* Frameworks */ = {
			isa = PBXFrameworksBuildPhase;
			buildActionMask = 2147483647;
			files = (
				A158923E184FDC6400028655 /* XCTest.framework in Frameworks */,
				A1537E3917D176AA00D22137 /* UIKit.framework in Frameworks */,
				A19B261F17D17056008DA908 /* Foundation.framework in Frameworks */,
				A19B262217D17056008DA908 /* libAPIClient.a in Frameworks */,
				8862960C6A9D4AB3A98464C1 /* libPods-Specs.a in Frameworks */,
			);
			runOnlyForDeploymentPostprocessing = 0;
		};
/* End PBXFrameworksBuildPhase section */

/* Begin PBXGroup section */
		A1060D2917DD284500EC32B7 /* Client */ = {
			isa = PBXGroup;
			children = (
				A1589204184FDA8200028655 /* APIHTTPClient.h */,
				A1B00B041AD647B2004D6798 /* APIHTTPClient.m */,
				A1589200184FDA8200028655 /* APIClient.h */,
				A1589201184FDA8200028655 /* APIClient.m */,
				A1589202184FDA8200028655 /* APIClientConfiguration.h */,
				A1589203184FDA8200028655 /* APIClientConfiguration.m */,
			);
			name = Client;
			sourceTree = "<group>";
		};
		A13049AB18528178003EA1FA /* IntegrationSpecs */ = {
			isa = PBXGroup;
			children = (
				A13049DB1852889D003EA1FA /* Resources */,
				A13049C1185283AF003EA1FA /* FakeAPI */,
				A13049AC18528178003EA1FA /* Supporting Files */,
				A13049BA18528205003EA1FA /* IntegrationSpec.m */,
			);
			path = IntegrationSpecs;
			sourceTree = "<group>";
		};
		A13049AC18528178003EA1FA /* Supporting Files */ = {
			isa = PBXGroup;
			children = (
				A13049AD18528178003EA1FA /* IntegrationSpecs-Info.plist */,
				A13049AE18528178003EA1FA /* InfoPlist.strings */,
				A13049B9185281F2003EA1FA /* SpecHelper.h */,
			);
			name = "Supporting Files";
			sourceTree = "<group>";
		};
		A13049C1185283AF003EA1FA /* FakeAPI */ = {
			isa = PBXGroup;
			children = (
				A1534DB4185687430095C11C /* Responses */,
				A13049C2185283AF003EA1FA /* FakeAPI.h */,
				A13049C3185283AF003EA1FA /* FakeAPI.m */,
			);
			path = FakeAPI;
			sourceTree = "<group>";
		};
		A13049DB1852889D003EA1FA /* Resources */ = {
			isa = PBXGroup;
			children = (
				A116891C1854FD3800969587 /* Product.h */,
				A116891D1854FD3800969587 /* Product.m */,
			);
			path = Resources;
			sourceTree = "<group>";
		};
		A1697DC81813F4DF0012E245 /* ResourceNamer */ = {
			isa = PBXGroup;
			children = (
				A1BEBB9B17E4C6F2006C8432 /* Inflector */,
				A1589217184FDACD00028655 /* APIResourceNamer.h */,
				A1589218184FDACD00028655 /* APIResourceNamer.m */,
			);
			name = ResourceNamer;
			sourceTree = "<group>";
		};
		A18F659F17ED0F0C009D7818 /* Serializer */ = {
			isa = PBXGroup;
			children = (
				A158920E184FDAB000028655 /* APIJSONSerializer.h */,
				A158920F184FDAB000028655 /* APIJSONSerializer.m */,
			);
			name = Serializer;
			sourceTree = "<group>";
		};
		A19B25AE17D16E47008DA908 = {
			isa = PBXGroup;
			children = (
				A19B265217D17257008DA908 /* Classes */,
				A19B265717D1725E008DA908 /* Specs */,
				A13049AB18528178003EA1FA /* IntegrationSpecs */,
				A19B25B917D16E47008DA908 /* Frameworks */,
				A19B25B817D16E47008DA908 /* Products */,
				F8039810C5182266F2F2D456 /* Pods */,
			);
			sourceTree = "<group>";
		};
		A19B25B817D16E47008DA908 /* Products */ = {
			isa = PBXGroup;
			children = (
				A19B260E17D17056008DA908 /* libAPIClient.a */,
				A19B261C17D17056008DA908 /* Specs.xctest */,
				A13049A718528178003EA1FA /* IntegrationSpecs.xctest */,
			);
			name = Products;
			sourceTree = "<group>";
		};
		A19B25B917D16E47008DA908 /* Frameworks */ = {
			isa = PBXGroup;
			children = (
				A158923D184FDC6400028655 /* XCTest.framework */,
				A1894E6F17D17CC60052609F /* MobileCoreServices.framework */,
				A1894E6D17D17CBE0052609F /* SystemConfiguration.framework */,
				A1537E3717D1768400D22137 /* UIKit.framework */,
				A19B25BA17D16E47008DA908 /* Foundation.framework */,
				A19B25C917D16E47008DA908 /* SenTestingKit.framework */,
				B90C9CD54F454A5A8C067A5C /* libPods.a */,
				AC047CB0CC064A31BAF31F64 /* libPods-Specs.a */,
				9E99FEFE1901430F916E2625 /* libPods-IntegrationSpecs.a */,
				7E8B68D0F34733B27A881473 /* libPods-APIClient.a */,
			);
			name = Frameworks;
			sourceTree = "<group>";
		};
		A19B265217D17257008DA908 /* Classes */ = {
			isa = PBXGroup;
			children = (
				A1060D2917DD284500EC32B7 /* Client */,
				A1D7C3E917DFDA9D000F8510 /* Response */,
				A1BEBB9417E4AE45006C8432 /* Router */,
				A18F659F17ED0F0C009D7818 /* Serializer */,
				A1DD518A180B7A3900465924 /* Mapper */,
				A1697DC81813F4DF0012E245 /* ResourceNamer */,
				A19B265F17D17273008DA908 /* Supporting Files */,
			);
			name = Classes;
			path = ../Classes;
			sourceTree = "<group>";
		};
		A19B265717D1725E008DA908 /* Specs */ = {
			isa = PBXGroup;
			children = (
				A1589239184FDB4C00028655 /* SpecHelper.h */,
				A19B266017D1727D008DA908 /* Supporting Files */,
				A1D7C3ED17DFDAD0000F8510 /* Helper Classes */,
				A158922A184FDB3900028655 /* APIClientSpecs.m */,
				A158922F184FDB3900028655 /* APIResponseSpecs.m */,
				A1589230184FDB3900028655 /* APIRouterSpecs.m */,
				A158922B184FDB3900028655 /* APIInflectorSpecs.m */,
				A1589229184FDB3900028655 /* APIClientConfigurationSpecs.m */,
				A158922C184FDB3900028655 /* APIJSONSerializerSpec.m */,
				A158922D184FDB3900028655 /* APIMapperSpec.m */,
				A158922E184FDB3900028655 /* APIResourceNamerSpec.m */,
			);
			name = Specs;
			path = ../Specs;
			sourceTree = "<group>";
		};
		A19B265F17D17273008DA908 /* Supporting Files */ = {
			isa = PBXGroup;
			children = (
				A158921B184FDAE300028655 /* APIClient-Prefix.pch */,
			);
			name = "Supporting Files";
			sourceTree = "<group>";
		};
		A19B266017D1727D008DA908 /* Supporting Files */ = {
			isa = PBXGroup;
			children = (
				A158921D184FDAFE00028655 /* InfoPlist.strings */,
				A158921F184FDAFE00028655 /* Info.plist */,
			);
			name = "Supporting Files";
			sourceTree = "<group>";
		};
		A1BEBB9417E4AE45006C8432 /* Router */ = {
			isa = PBXGroup;
			children = (
				A158920B184FDA9F00028655 /* APIRouter.h */,
				A158920C184FDA9F00028655 /* APIRouter.m */,
			);
			name = Router;
			sourceTree = "<group>";
		};
		A1BEBB9B17E4C6F2006C8432 /* Inflector */ = {
			isa = PBXGroup;
			children = (
				A1589215184FDACD00028655 /* APIInflector.h */,
				A1589216184FDACD00028655 /* APIInflector.m */,
			);
			name = Inflector;
			sourceTree = "<group>";
		};
		A1D7C3E917DFDA9D000F8510 /* Response */ = {
			isa = PBXGroup;
			children = (
				A1589208184FDA9500028655 /* APIResponse.h */,
				A1589209184FDA9500028655 /* APIResponse.m */,
			);
			name = Response;
			sourceTree = "<group>";
		};
		A1D7C3ED17DFDAD0000F8510 /* Helper Classes */ = {
			isa = PBXGroup;
			children = (
				A158923A184FDB5A00028655 /* TestMappingProvider.h */,
				A158923B184FDB5A00028655 /* TestMappingProvider.m */,
				A1589220184FDB2600028655 /* APITestHTTPClient.h */,
				A1589221184FDB2600028655 /* APITestHTTPClient.m */,
				A1589222184FDB2600028655 /* OrderLine.h */,
				A1589223184FDB2600028655 /* OrderLine.m */,
				A1589224184FDB2600028655 /* Product.h */,
				A1589225184FDB2600028655 /* Product.m */,
			);
			name = "Helper Classes";
			sourceTree = "<group>";
		};
		A1DD518A180B7A3900465924 /* Mapper */ = {
			isa = PBXGroup;
			children = (
				A1589211184FDABC00028655 /* APIMapper.h */,
				A1589212184FDABC00028655 /* APIMapper.m */,
				A1589213184FDABC00028655 /* APIMappingProvider.h */,
			);
			name = Mapper;
			sourceTree = "<group>";
		};
		F8039810C5182266F2F2D456 /* Pods */ = {
			isa = PBXGroup;
			children = (
				B261F902EAC654527E16CB5F /* Pods.debug.xcconfig */,
				AE942C4F48D7A90C074ECD8E /* Pods.release.xcconfig */,
				0A36148DFE3023A9C1037674 /* Pods-IntegrationSpecs.debug.xcconfig */,
				FC665CFA4620E926C59CD75B /* Pods-IntegrationSpecs.release.xcconfig */,
				56E91A644599CFF0233DC63E /* Pods-Specs.debug.xcconfig */,
				A64F1F3DB793A3EDA0B33AEC /* Pods-Specs.release.xcconfig */,
			);
			name = Pods;
			sourceTree = "<group>";
		};
/* End PBXGroup section */

/* Begin PBXNativeTarget section */
		A13049A618528178003EA1FA /* IntegrationSpecs */ = {
			isa = PBXNativeTarget;
			buildConfigurationList = A13049B818528178003EA1FA /* Build configuration list for PBXNativeTarget "IntegrationSpecs" */;
			buildPhases = (
				0B8602D7D16F42C6BC646E69 /* Check Pods Manifest.lock */,
				A13049A318528178003EA1FA /* Sources */,
				A13049A418528178003EA1FA /* Frameworks */,
				A13049A518528178003EA1FA /* Resources */,
				8221CB7260294AF7AAA26947 /* Copy Pods Resources */,
			);
			buildRules = (
			);
			dependencies = (
				A13049B518528178003EA1FA /* PBXTargetDependency */,
			);
			name = IntegrationSpecs;
			productName = IntegrationSpecs;
			productReference = A13049A718528178003EA1FA /* IntegrationSpecs.xctest */;
			productType = "com.apple.product-type.bundle.unit-test";
		};
		A19B260D17D17056008DA908 /* APIClient */ = {
			isa = PBXNativeTarget;
			buildConfigurationList = A19B262C17D17056008DA908 /* Build configuration list for PBXNativeTarget "APIClient" */;
			buildPhases = (
				CA87751B8E6A426D822CB695 /* Check Pods Manifest.lock */,
				A19B260A17D17056008DA908 /* Sources */,
				A19B260B17D17056008DA908 /* Frameworks */,
				A19B260C17D17056008DA908 /* Copy Files */,
				6CC5A465E4B2405C96E8DCC9 /* Copy Pods Resources */,
			);
			buildRules = (
			);
			dependencies = (
			);
			name = APIClient;
			productName = APIClient;
			productReference = A19B260E17D17056008DA908 /* libAPIClient.a */;
			productType = "com.apple.product-type.library.static";
		};
		A19B261B17D17056008DA908 /* Specs */ = {
			isa = PBXNativeTarget;
			buildConfigurationList = A19B262F17D17056008DA908 /* Build configuration list for PBXNativeTarget "Specs" */;
			buildPhases = (
				38011CC564F04B04B1D0748F /* Check Pods Manifest.lock */,
				A19B261717D17056008DA908 /* Sources */,
				A19B261817D17056008DA908 /* Frameworks */,
				A19B261917D17056008DA908 /* Resources */,
				A19B261A17D17056008DA908 /* Run Script */,
				7CCA93A80ECC4E6483C00A6A /* I */,
			);
			buildRules = (
			);
			dependencies = (
				A19B262117D17056008DA908 /* PBXTargetDependency */,
			);
			name = Specs;
			productName = APIClientTests;
			productReference = A19B261C17D17056008DA908 /* Specs.xctest */;
			productType = "com.apple.product-type.bundle.unit-test";
		};
/* End PBXNativeTarget section */

/* Begin PBXProject section */
		A19B25AF17D16E47008DA908 /* Project object */ = {
			isa = PBXProject;
			attributes = {
				CLASSPREFIX = API;
				LastUpgradeCheck = 0500;
				ORGANIZATIONNAME = "Klaas Pieter Annema";
				TargetAttributes = {
					A13049A618528178003EA1FA = {
						TestTargetID = A19B260D17D17056008DA908;
					};
				};
			};
			buildConfigurationList = A19B25B217D16E47008DA908 /* Build configuration list for PBXProject "APIClient" */;
			compatibilityVersion = "Xcode 3.2";
			developmentRegion = English;
			hasScannedForEncodings = 0;
			knownRegions = (
				en,
			);
			mainGroup = A19B25AE17D16E47008DA908;
			productRefGroup = A19B25B817D16E47008DA908 /* Products */;
			projectDirPath = "";
			projectRoot = "";
			targets = (
				A19B260D17D17056008DA908 /* APIClient */,
				A19B261B17D17056008DA908 /* Specs */,
				A13049A618528178003EA1FA /* IntegrationSpecs */,
			);
		};
/* End PBXProject section */

/* Begin PBXResourcesBuildPhase section */
		A13049A518528178003EA1FA /* Resources */ = {
			isa = PBXResourcesBuildPhase;
			buildActionMask = 2147483647;
			files = (
				A13049B018528178003EA1FA /* InfoPlist.strings in Resources */,
				A1534DB5185687430095C11C /* Responses in Resources */,
			);
			runOnlyForDeploymentPostprocessing = 0;
		};
		A19B261917D17056008DA908 /* Resources */ = {
			isa = PBXResourcesBuildPhase;
			buildActionMask = 2147483647;
			files = (
			);
			runOnlyForDeploymentPostprocessing = 0;
		};
/* End PBXResourcesBuildPhase section */

/* Begin PBXShellScriptBuildPhase section */
		0B8602D7D16F42C6BC646E69 /* Check Pods Manifest.lock */ = {
			isa = PBXShellScriptBuildPhase;
			buildActionMask = 2147483647;
			files = (
			);
			inputPaths = (
			);
			name = "Check Pods Manifest.lock";
			outputPaths = (
			);
			runOnlyForDeploymentPostprocessing = 0;
			shellPath = /bin/sh;
			shellScript = "diff \"${PODS_ROOT}/../Podfile.lock\" \"${PODS_ROOT}/Manifest.lock\" > /dev/null\nif [[ $? != 0 ]] ; then\n    cat << EOM\nerror: The sandbox is not in sync with the Podfile.lock. Run 'pod install' or update your CocoaPods installation.\nEOM\n    exit 1\nfi\n";
			showEnvVarsInLog = 0;
		};
		38011CC564F04B04B1D0748F /* Check Pods Manifest.lock */ = {
			isa = PBXShellScriptBuildPhase;
			buildActionMask = 2147483647;
			files = (
			);
			inputPaths = (
			);
			name = "Check Pods Manifest.lock";
			outputPaths = (
			);
			runOnlyForDeploymentPostprocessing = 0;
			shellPath = /bin/sh;
			shellScript = "diff \"${PODS_ROOT}/../Podfile.lock\" \"${PODS_ROOT}/Manifest.lock\" > /dev/null\nif [[ $? != 0 ]] ; then\n    cat << EOM\nerror: The sandbox is not in sync with the Podfile.lock. Run 'pod install' or update your CocoaPods installation.\nEOM\n    exit 1\nfi\n";
			showEnvVarsInLog = 0;
		};
		6CC5A465E4B2405C96E8DCC9 /* Copy Pods Resources */ = {
			isa = PBXShellScriptBuildPhase;
			buildActionMask = 2147483647;
			files = (
			);
			inputPaths = (
			);
			name = "Copy Pods Resources";
			outputPaths = (
			);
			runOnlyForDeploymentPostprocessing = 0;
			shellPath = /bin/sh;
			shellScript = "\"${SRCROOT}/Pods/Target Support Files/Pods/Pods-resources.sh\"\n";
			showEnvVarsInLog = 0;
		};
		7CCA93A80ECC4E6483C00A6A /* I */ = {
			isa = PBXShellScriptBuildPhase;
			buildActionMask = 2147483647;
			files = (
			);
			inputPaths = (
			);
			name = I;
			outputPaths = (
			);
			runOnlyForDeploymentPostprocessing = 0;
			shellPath = /bin/sh;
			shellScript = "\"${SRCROOT}/Pods/Target Support Files/Pods-Specs/Pods-Specs-resources.sh\"\n";
			showEnvVarsInLog = 0;
		};
		8221CB7260294AF7AAA26947 /* Copy Pods Resources */ = {
			isa = PBXShellScriptBuildPhase;
			buildActionMask = 2147483647;
			files = (
			);
			inputPaths = (
			);
			name = "Copy Pods Resources";
			outputPaths = (
			);
			runOnlyForDeploymentPostprocessing = 0;
			shellPath = /bin/sh;
			shellScript = "\"${SRCROOT}/Pods/Target Support Files/Pods-IntegrationSpecs/Pods-IntegrationSpecs-resources.sh\"\n";
			showEnvVarsInLog = 0;
		};
		A19B261A17D17056008DA908 /* Run Script */ = {
			isa = PBXShellScriptBuildPhase;
			buildActionMask = 2147483647;
			files = (
			);
			inputPaths = (
			);
			name = "Run Script";
			outputPaths = (
			);
			runOnlyForDeploymentPostprocessing = 0;
			shellPath = /bin/sh;
			shellScript = "# Run the unit tests in this test bundle.\n\"${SYSTEM_DEVELOPER_DIR}/Tools/RunUnitTests\"\n";
		};
		CA87751B8E6A426D822CB695 /* Check Pods Manifest.lock */ = {
			isa = PBXShellScriptBuildPhase;
			buildActionMask = 2147483647;
			files = (
			);
			inputPaths = (
			);
			name = "Check Pods Manifest.lock";
			outputPaths = (
			);
			runOnlyForDeploymentPostprocessing = 0;
			shellPath = /bin/sh;
			shellScript = "diff \"${PODS_ROOT}/../Podfile.lock\" \"${PODS_ROOT}/Manifest.lock\" > /dev/null\nif [[ $? != 0 ]] ; then\n    cat << EOM\nerror: The sandbox is not in sync with the Podfile.lock. Run 'pod install' or update your CocoaPods installation.\nEOM\n    exit 1\nfi\n";
			showEnvVarsInLog = 0;
		};
/* End PBXShellScriptBuildPhase section */

/* Begin PBXSourcesBuildPhase section */
		A13049A318528178003EA1FA /* Sources */ = {
			isa = PBXSourcesBuildPhase;
			buildActionMask = 2147483647;
			files = (
				A13049BB18528205003EA1FA /* IntegrationSpec.m in Sources */,
				A13049C5185283AF003EA1FA /* FakeAPI.m in Sources */,
				A116891E1854FD3800969587 /* Product.m in Sources */,
			);
			runOnlyForDeploymentPostprocessing = 0;
		};
		A19B260A17D17056008DA908 /* Sources */ = {
			isa = PBXSourcesBuildPhase;
			buildActionMask = 2147483647;
			files = (
				A1589206184FDA8200028655 /* APIClient.m in Sources */,
				A158920A184FDA9500028655 /* APIResponse.m in Sources */,
				A1589207184FDA8200028655 /* APIClientConfiguration.m in Sources */,
				A158920D184FDA9F00028655 /* APIRouter.m in Sources */,
				A1589210184FDAB000028655 /* APIJSONSerializer.m in Sources */,
				A1589214184FDABC00028655 /* APIMapper.m in Sources */,
				A1589219184FDACD00028655 /* APIInflector.m in Sources */,
				A158921A184FDACD00028655 /* APIResourceNamer.m in Sources */,
				A1B00B051AD647B2004D6798 /* APIHTTPClient.m in Sources */,
			);
			runOnlyForDeploymentPostprocessing = 0;
		};
		A19B261717D17056008DA908 /* Sources */ = {
			isa = PBXSourcesBuildPhase;
			buildActionMask = 2147483647;
			files = (
				A1589241184FDD0300028655 /* OrderLine.m in Sources */,
				A158924A184FDD0300028655 /* APIResourceNamerSpec.m in Sources */,
				A158923F184FDD0300028655 /* TestMappingProvider.m in Sources */,
				A1589245184FDD0300028655 /* APIRouterSpecs.m in Sources */,
				A1589246184FDD0300028655 /* APIInflectorSpecs.m in Sources */,
				A1589240184FDD0300028655 /* APITestHTTPClient.m in Sources */,
				A1589247184FDD0300028655 /* APIClientConfigurationSpecs.m in Sources */,
				A1589248184FDD0300028655 /* APIJSONSerializerSpec.m in Sources */,
				A1589244184FDD0300028655 /* APIResponseSpecs.m in Sources */,
				A18ADE121857CA8E00E7F793 /* Product.m in Sources */,
				A1589249184FDD0300028655 /* APIMapperSpec.m in Sources */,
				A1589243184FDD0300028655 /* APIClientSpecs.m in Sources */,
			);
			runOnlyForDeploymentPostprocessing = 0;
		};
/* End PBXSourcesBuildPhase section */

/* Begin PBXTargetDependency section */
		A13049B518528178003EA1FA /* PBXTargetDependency */ = {
			isa = PBXTargetDependency;
			target = A19B260D17D17056008DA908 /* APIClient */;
			targetProxy = A13049B418528178003EA1FA /* PBXContainerItemProxy */;
		};
		A19B262117D17056008DA908 /* PBXTargetDependency */ = {
			isa = PBXTargetDependency;
			target = A19B260D17D17056008DA908 /* APIClient */;
			targetProxy = A19B262017D17056008DA908 /* PBXContainerItemProxy */;
		};
/* End PBXTargetDependency section */

/* Begin PBXVariantGroup section */
		A13049AE18528178003EA1FA /* InfoPlist.strings */ = {
			isa = PBXVariantGroup;
			children = (
				A13049AF18528178003EA1FA /* en */,
			);
			name = InfoPlist.strings;
			sourceTree = "<group>";
		};
		A158921D184FDAFE00028655 /* InfoPlist.strings */ = {
			isa = PBXVariantGroup;
			children = (
				A158921E184FDAFE00028655 /* en */,
			);
			name = InfoPlist.strings;
			path = ../APIClient/Specs/en.lproj;
			sourceTree = "<group>";
		};
/* End PBXVariantGroup section */

/* Begin XCBuildConfiguration section */
		A13049B618528178003EA1FA /* Debug */ = {
			isa = XCBuildConfiguration;
			baseConfigurationReference = 0A36148DFE3023A9C1037674 /* Pods-IntegrationSpecs.debug.xcconfig */;
			buildSettings = {
				CLANG_ENABLE_MODULES = YES;
				CLANG_WARN_BOOL_CONVERSION = YES;
				CLANG_WARN_DIRECT_OBJC_ISA_USAGE = YES_ERROR;
				CLANG_WARN_OBJC_ROOT_CLASS = YES_ERROR;
				FRAMEWORK_SEARCH_PATHS = (
					"$(SDKROOT)/Developer/Library/Frameworks",
					"$(inherited)",
					"$(DEVELOPER_FRAMEWORKS_DIR)",
				);
				GCC_PRECOMPILE_PREFIX_HEADER = YES;
				GCC_PREFIX_HEADER = "Classes/APIClient-Prefix.pch";
				GCC_PREPROCESSOR_DEFINITIONS = (
					"DEBUG=1",
					"$(inherited)",
				);
				GCC_WARN_64_TO_32_BIT_CONVERSION = YES;
				GCC_WARN_ABOUT_RETURN_TYPE = YES_ERROR;
				GCC_WARN_UNDECLARED_SELECTOR = YES;
				GCC_WARN_UNUSED_FUNCTION = YES;
				INFOPLIST_FILE = "IntegrationSpecs/IntegrationSpecs-Info.plist";
				IPHONEOS_DEPLOYMENT_TARGET = 7.0;
				OTHER_LDFLAGS = (
					"-ObjC",
					"-framework",
					CoreGraphics,
					"-framework",
					Foundation,
					"-framework",
					MobileCoreServices,
					"-framework",
					Security,
					"-framework",
					SenTestingKit,
					"-framework",
					SystemConfiguration,
					"$(inherited)",
				);
				PRODUCT_NAME = "$(TARGET_NAME)";
				WRAPPER_EXTENSION = xctest;
			};
			name = Debug;
		};
		A13049B718528178003EA1FA /* Release */ = {
			isa = XCBuildConfiguration;
			baseConfigurationReference = FC665CFA4620E926C59CD75B /* Pods-IntegrationSpecs.release.xcconfig */;
			buildSettings = {
				CLANG_ENABLE_MODULES = YES;
				CLANG_WARN_BOOL_CONVERSION = YES;
				CLANG_WARN_DIRECT_OBJC_ISA_USAGE = YES_ERROR;
				CLANG_WARN_OBJC_ROOT_CLASS = YES_ERROR;
				ENABLE_NS_ASSERTIONS = NO;
				FRAMEWORK_SEARCH_PATHS = (
					"$(SDKROOT)/Developer/Library/Frameworks",
					"$(inherited)",
					"$(DEVELOPER_FRAMEWORKS_DIR)",
				);
				GCC_PRECOMPILE_PREFIX_HEADER = YES;
				GCC_PREFIX_HEADER = "Classes/APIClient-Prefix.pch";
				GCC_WARN_64_TO_32_BIT_CONVERSION = YES;
				GCC_WARN_ABOUT_RETURN_TYPE = YES_ERROR;
				GCC_WARN_UNDECLARED_SELECTOR = YES;
				GCC_WARN_UNUSED_FUNCTION = YES;
				INFOPLIST_FILE = "IntegrationSpecs/IntegrationSpecs-Info.plist";
				IPHONEOS_DEPLOYMENT_TARGET = 7.0;
				OTHER_LDFLAGS = (
					"-ObjC",
					"-framework",
					CoreGraphics,
					"-framework",
					Foundation,
					"-framework",
					MobileCoreServices,
					"-framework",
					Security,
					"-framework",
					SenTestingKit,
					"-framework",
					SystemConfiguration,
					"$(inherited)",
				);
				PRODUCT_NAME = "$(TARGET_NAME)";
				WRAPPER_EXTENSION = xctest;
			};
			name = Release;
		};
		A19B25DA17D16E47008DA908 /* Debug */ = {
			isa = XCBuildConfiguration;
			buildSettings = {
				ALWAYS_SEARCH_USER_PATHS = NO;
				CLANG_CXX_LANGUAGE_STANDARD = "gnu++0x";
				CLANG_CXX_LIBRARY = "libc++";
				CLANG_ENABLE_OBJC_ARC = YES;
				CLANG_WARN_CONSTANT_CONVERSION = YES;
				CLANG_WARN_EMPTY_BODY = YES;
				CLANG_WARN_ENUM_CONVERSION = YES;
				CLANG_WARN_INT_CONVERSION = YES;
				CLANG_WARN__DUPLICATE_METHOD_MATCH = YES;
				COPY_PHASE_STRIP = NO;
				GCC_C_LANGUAGE_STANDARD = gnu99;
				GCC_DYNAMIC_NO_PIC = NO;
				GCC_OPTIMIZATION_LEVEL = 0;
				GCC_PREPROCESSOR_DEFINITIONS = (
					"DEBUG=1",
					"$(inherited)",
				);
				GCC_SYMBOLS_PRIVATE_EXTERN = NO;
				GCC_WARN_ABOUT_RETURN_TYPE = YES;
				GCC_WARN_UNINITIALIZED_AUTOS = YES;
				GCC_WARN_UNUSED_VARIABLE = YES;
				IPHONEOS_DEPLOYMENT_TARGET = 7.0;
				ONLY_ACTIVE_ARCH = YES;
				SDKROOT = iphoneos;
			};
			name = Debug;
		};
		A19B25DB17D16E47008DA908 /* Release */ = {
			isa = XCBuildConfiguration;
			buildSettings = {
				ALWAYS_SEARCH_USER_PATHS = NO;
				CLANG_CXX_LANGUAGE_STANDARD = "gnu++0x";
				CLANG_CXX_LIBRARY = "libc++";
				CLANG_ENABLE_OBJC_ARC = YES;
				CLANG_WARN_CONSTANT_CONVERSION = YES;
				CLANG_WARN_EMPTY_BODY = YES;
				CLANG_WARN_ENUM_CONVERSION = YES;
				CLANG_WARN_INT_CONVERSION = YES;
				CLANG_WARN__DUPLICATE_METHOD_MATCH = YES;
				COPY_PHASE_STRIP = YES;
				GCC_C_LANGUAGE_STANDARD = gnu99;
				GCC_WARN_ABOUT_RETURN_TYPE = YES;
				GCC_WARN_UNINITIALIZED_AUTOS = YES;
				GCC_WARN_UNUSED_VARIABLE = YES;
				IPHONEOS_DEPLOYMENT_TARGET = 7.0;
				SDKROOT = iphoneos;
				VALIDATE_PRODUCT = YES;
			};
			name = Release;
		};
		A19B262D17D17056008DA908 /* Debug */ = {
			isa = XCBuildConfiguration;
			baseConfigurationReference = B261F902EAC654527E16CB5F /* Pods.debug.xcconfig */;
			buildSettings = {
				DSTROOT = /tmp/APIClient.dst;
				FRAMEWORK_SEARCH_PATHS = "$(inherited)";
				GCC_PRECOMPILE_PREFIX_HEADER = YES;
				GCC_PREFIX_HEADER = "Classes/APIClient-Prefix.pch";
				OTHER_LDFLAGS = (
					"-ObjC",
					"$(inherited)",
				);
				PRODUCT_NAME = "$(TARGET_NAME)";
				SKIP_INSTALL = YES;
			};
			name = Debug;
		};
		A19B262E17D17056008DA908 /* Release */ = {
			isa = XCBuildConfiguration;
			baseConfigurationReference = AE942C4F48D7A90C074ECD8E /* Pods.release.xcconfig */;
			buildSettings = {
				DSTROOT = /tmp/APIClient.dst;
				FRAMEWORK_SEARCH_PATHS = "$(inherited)";
				GCC_PRECOMPILE_PREFIX_HEADER = YES;
				GCC_PREFIX_HEADER = "Classes/APIClient-Prefix.pch";
				OTHER_LDFLAGS = (
					"-ObjC",
					"$(inherited)",
				);
				PRODUCT_NAME = "$(TARGET_NAME)";
				SKIP_INSTALL = YES;
			};
			name = Release;
		};
		A19B263017D17056008DA908 /* Debug */ = {
			isa = XCBuildConfiguration;
			baseConfigurationReference = 56E91A644599CFF0233DC63E /* Pods-Specs.debug.xcconfig */;
			buildSettings = {
				FRAMEWORK_SEARCH_PATHS = (
					"$(SDKROOT)/Developer/Library/Frameworks",
					"$(DEVELOPER_LIBRARY_DIR)/Frameworks",
					"$(inherited)",
					"$(DEVELOPER_FRAMEWORKS_DIR)",
				);
				GCC_PRECOMPILE_PREFIX_HEADER = YES;
				GCC_PREFIX_HEADER = "Classes/APIClient-Prefix.pch";
				INFOPLIST_FILE = Specs/Info.plist;
				OTHER_LDFLAGS = (
					"-ObjC",
					"-framework",
					CoreGraphics,
					"-framework",
					Foundation,
					"-framework",
					MobileCoreServices,
					"-framework",
					Security,
					"-framework",
					SenTestingKit,
					"-framework",
					SystemConfiguration,
					"$(inherited)",
				);
				PRODUCT_NAME = "$(TARGET_NAME)";
				WRAPPER_EXTENSION = xctest;
			};
			name = Debug;
		};
		A19B263117D17056008DA908 /* Release */ = {
			isa = XCBuildConfiguration;
			baseConfigurationReference = A64F1F3DB793A3EDA0B33AEC /* Pods-Specs.release.xcconfig */;
			buildSettings = {
				FRAMEWORK_SEARCH_PATHS = (
					"$(SDKROOT)/Developer/Library/Frameworks",
					"$(DEVELOPER_LIBRARY_DIR)/Frameworks",
					"$(inherited)",
					"$(DEVELOPER_FRAMEWORKS_DIR)",
				);
				GCC_PRECOMPILE_PREFIX_HEADER = YES;
				GCC_PREFIX_HEADER = "Classes/APIClient-Prefix.pch";
				INFOPLIST_FILE = Specs/Info.plist;
				OTHER_LDFLAGS = (
					"-ObjC",
					"-framework",
					CoreGraphics,
					"-framework",
					Foundation,
					"-framework",
					MobileCoreServices,
					"-framework",
					Security,
					"-framework",
					SenTestingKit,
					"-framework",
					SystemConfiguration,
					"$(inherited)",
				);
				PRODUCT_NAME = "$(TARGET_NAME)";
				WRAPPER_EXTENSION = xctest;
			};
			name = Release;
		};
/* End XCBuildConfiguration section */

/* Begin XCConfigurationList section */
		A13049B818528178003EA1FA /* Build configuration list for PBXNativeTarget "IntegrationSpecs" */ = {
			isa = XCConfigurationList;
			buildConfigurations = (
				A13049B618528178003EA1FA /* Debug */,
				A13049B718528178003EA1FA /* Release */,
			);
			defaultConfigurationIsVisible = 0;
			defaultConfigurationName = Release;
		};
		A19B25B217D16E47008DA908 /* Build configuration list for PBXProject "APIClient" */ = {
			isa = XCConfigurationList;
			buildConfigurations = (
				A19B25DA17D16E47008DA908 /* Debug */,
				A19B25DB17D16E47008DA908 /* Release */,
			);
			defaultConfigurationIsVisible = 0;
			defaultConfigurationName = Release;
		};
		A19B262C17D17056008DA908 /* Build configuration list for PBXNativeTarget "APIClient" */ = {
			isa = XCConfigurationList;
			buildConfigurations = (
				A19B262D17D17056008DA908 /* Debug */,
				A19B262E17D17056008DA908 /* Release */,
			);
			defaultConfigurationIsVisible = 0;
			defaultConfigurationName = Release;
		};
		A19B262F17D17056008DA908 /* Build configuration list for PBXNativeTarget "Specs" */ = {
			isa = XCConfigurationList;
			buildConfigurations = (
				A19B263017D17056008DA908 /* Debug */,
				A19B263117D17056008DA908 /* Release */,
			);
			defaultConfigurationIsVisible = 0;
			defaultConfigurationName = Release;
		};
/* End XCConfigurationList section */
	};
	rootObject = A19B25AF17D16E47008DA908 /* Project object */;
}
