// !$*UTF8*$!
{
	archiveVersion = 1;
	classes = {
	};
	objectVersion = 46;
	objects = {

/* Begin PBXBuildFile section */
		A125C1AA17EDE56F0063763F /* Foundation.framework in Frameworks */ = {isa = PBXBuildFile; fileRef = A125C1A917EDE56F0063763F /* Foundation.framework */; };
		A125C1AC17EDE56F0063763F /* CoreGraphics.framework in Frameworks */ = {isa = PBXBuildFile; fileRef = A125C1AB17EDE56F0063763F /* CoreGraphics.framework */; };
		A125C1AE17EDE56F0063763F /* UIKit.framework in Frameworks */ = {isa = PBXBuildFile; fileRef = A125C1AD17EDE56F0063763F /* UIKit.framework */; };
		A125C1B417EDE56F0063763F /* InfoPlist.strings in Resources */ = {isa = PBXBuildFile; fileRef = A125C1B217EDE56F0063763F /* InfoPlist.strings */; };
		A125C1B617EDE56F0063763F /* main.m in Sources */ = {isa = PBXBuildFile; fileRef = A125C1B517EDE56F0063763F /* main.m */; };
		A125C1BA17EDE56F0063763F /* AppDelegate.m in Sources */ = {isa = PBXBuildFile; fileRef = A125C1B917EDE56F0063763F /* AppDelegate.m */; };
		A125C1BC17EDE56F0063763F /* Images.xcassets in Resources */ = {isa = PBXBuildFile; fileRef = A125C1BB17EDE56F0063763F /* Images.xcassets */; };
		A125C1C317EDE56F0063763F /* XCTest.framework in Frameworks */ = {isa = PBXBuildFile; fileRef = A125C1C217EDE56F0063763F /* XCTest.framework */; };
		A125C1C417EDE56F0063763F /* Foundation.framework in Frameworks */ = {isa = PBXBuildFile; fileRef = A125C1A917EDE56F0063763F /* Foundation.framework */; };
		A125C1C517EDE56F0063763F /* UIKit.framework in Frameworks */ = {isa = PBXBuildFile; fileRef = A125C1AD17EDE56F0063763F /* UIKit.framework */; };
		A125C1D917EDE8A00063763F /* MainStoryboard.storyboard in Resources */ = {isa = PBXBuildFile; fileRef = A125C1D817EDE8A00063763F /* MainStoryboard.storyboard */; };
		A125C1DC17EDE8CA0063763F /* YeastsViewController.m in Sources */ = {isa = PBXBuildFile; fileRef = A125C1DB17EDE8CA0063763F /* YeastsViewController.m */; };
		A125C1DF17EDE9630063763F /* Yeast.m in Sources */ = {isa = PBXBuildFile; fileRef = A125C1DE17EDE9630063763F /* Yeast.m */; };
		A12B311D1812C2F70088452E /* Mapper.m in Sources */ = {isa = PBXBuildFile; fileRef = A12B311C1812C2F70088452E /* Mapper.m */; };
		A1A8A6DD17EF97D500B1CF50 /* HTTPClient.m in Sources */ = {isa = PBXBuildFile; fileRef = A1A8A6DC17EF97D500B1CF50 /* HTTPClient.m */; };
		A9EB8279A8454B288E9A502F /* libPods-Example.a in Frameworks */ = {isa = PBXBuildFile; fileRef = 3B4E4BEA73C64323893899AA /* libPods-Example.a */; };
/* End PBXBuildFile section */

/* Begin PBXContainerItemProxy section */
		A125C1C617EDE56F0063763F /* PBXContainerItemProxy */ = {
			isa = PBXContainerItemProxy;
			containerPortal = A125C19E17EDE56F0063763F /* Project object */;
			proxyType = 1;
			remoteGlobalIDString = A125C1A517EDE56F0063763F;
			remoteInfo = Example;
		};
/* End PBXContainerItemProxy section */

/* Begin PBXFileReference section */
		3B4E4BEA73C64323893899AA /* libPods-Example.a */ = {isa = PBXFileReference; explicitFileType = archive.ar; includeInIndex = 0; path = "libPods-Example.a"; sourceTree = BUILT_PRODUCTS_DIR; };
		A125C1A617EDE56F0063763F /* Example.app */ = {isa = PBXFileReference; explicitFileType = wrapper.application; includeInIndex = 0; path = Example.app; sourceTree = BUILT_PRODUCTS_DIR; };
		A125C1A917EDE56F0063763F /* Foundation.framework */ = {isa = PBXFileReference; lastKnownFileType = wrapper.framework; name = Foundation.framework; path = System/Library/Frameworks/Foundation.framework; sourceTree = SDKROOT; };
		A125C1AB17EDE56F0063763F /* CoreGraphics.framework */ = {isa = PBXFileReference; lastKnownFileType = wrapper.framework; name = CoreGraphics.framework; path = System/Library/Frameworks/CoreGraphics.framework; sourceTree = SDKROOT; };
		A125C1AD17EDE56F0063763F /* UIKit.framework */ = {isa = PBXFileReference; lastKnownFileType = wrapper.framework; name = UIKit.framework; path = System/Library/Frameworks/UIKit.framework; sourceTree = SDKROOT; };
		A125C1B117EDE56F0063763F /* Example-Info.plist */ = {isa = PBXFileReference; lastKnownFileType = text.plist.xml; path = "Example-Info.plist"; sourceTree = "<group>"; };
		A125C1B317EDE56F0063763F /* en */ = {isa = PBXFileReference; lastKnownFileType = text.plist.strings; name = en; path = en.lproj/InfoPlist.strings; sourceTree = "<group>"; };
		A125C1B517EDE56F0063763F /* main.m */ = {isa = PBXFileReference; lastKnownFileType = sourcecode.c.objc; path = main.m; sourceTree = "<group>"; };
		A125C1B717EDE56F0063763F /* Example-Prefix.pch */ = {isa = PBXFileReference; lastKnownFileType = sourcecode.c.h; path = "Example-Prefix.pch"; sourceTree = "<group>"; };
		A125C1B817EDE56F0063763F /* AppDelegate.h */ = {isa = PBXFileReference; lastKnownFileType = sourcecode.c.h; path = AppDelegate.h; sourceTree = "<group>"; };
		A125C1B917EDE56F0063763F /* AppDelegate.m */ = {isa = PBXFileReference; lastKnownFileType = sourcecode.c.objc; path = AppDelegate.m; sourceTree = "<group>"; };
		A125C1BB17EDE56F0063763F /* Images.xcassets */ = {isa = PBXFileReference; lastKnownFileType = folder.assetcatalog; path = Images.xcassets; sourceTree = "<group>"; };
		A125C1C117EDE56F0063763F /* ExampleTests.xctest */ = {isa = PBXFileReference; explicitFileType = wrapper.cfbundle; includeInIndex = 0; path = ExampleTests.xctest; sourceTree = BUILT_PRODUCTS_DIR; };
		A125C1C217EDE56F0063763F /* XCTest.framework */ = {isa = PBXFileReference; lastKnownFileType = wrapper.framework; name = XCTest.framework; path = Library/Frameworks/XCTest.framework; sourceTree = DEVELOPER_DIR; };
		A125C1D817EDE8A00063763F /* MainStoryboard.storyboard */ = {isa = PBXFileReference; fileEncoding = 4; lastKnownFileType = file.storyboard; path = MainStoryboard.storyboard; sourceTree = "<group>"; };
		A125C1DA17EDE8CA0063763F /* YeastsViewController.h */ = {isa = PBXFileReference; fileEncoding = 4; lastKnownFileType = sourcecode.c.h; path = YeastsViewController.h; sourceTree = "<group>"; };
		A125C1DB17EDE8CA0063763F /* YeastsViewController.m */ = {isa = PBXFileReference; fileEncoding = 4; lastKnownFileType = sourcecode.c.objc; path = YeastsViewController.m; sourceTree = "<group>"; };
		A125C1DD17EDE9630063763F /* Yeast.h */ = {isa = PBXFileReference; fileEncoding = 4; lastKnownFileType = sourcecode.c.h; path = Yeast.h; sourceTree = "<group>"; };
		A125C1DE17EDE9630063763F /* Yeast.m */ = {isa = PBXFileReference; fileEncoding = 4; lastKnownFileType = sourcecode.c.objc; path = Yeast.m; sourceTree = "<group>"; };
		A12B311B1812C2F70088452E /* Mapper.h */ = {isa = PBXFileReference; fileEncoding = 4; lastKnownFileType = sourcecode.c.h; path = Mapper.h; sourceTree = "<group>"; };
		A12B311C1812C2F70088452E /* Mapper.m */ = {isa = PBXFileReference; fileEncoding = 4; lastKnownFileType = sourcecode.c.objc; path = Mapper.m; sourceTree = "<group>"; };
		A1A8A6DB17EF97D500B1CF50 /* HTTPClient.h */ = {isa = PBXFileReference; fileEncoding = 4; lastKnownFileType = sourcecode.c.h; path = HTTPClient.h; sourceTree = "<group>"; };
		A1A8A6DC17EF97D500B1CF50 /* HTTPClient.m */ = {isa = PBXFileReference; fileEncoding = 4; lastKnownFileType = sourcecode.c.objc; path = HTTPClient.m; sourceTree = "<group>"; };
		A64D2C2FF3E34C32B96BAB39 /* Pods-Example.xcconfig */ = {isa = PBXFileReference; includeInIndex = 1; lastKnownFileType = text.xcconfig; name = "Pods-Example.xcconfig"; path = "../Project/Pods/Pods-Example.xcconfig"; sourceTree = "<group>"; };
/* End PBXFileReference section */

/* Begin PBXFrameworksBuildPhase section */
		A125C1A317EDE56F0063763F /* Frameworks */ = {
			isa = PBXFrameworksBuildPhase;
			buildActionMask = 2147483647;
			files = (
				A125C1AC17EDE56F0063763F /* CoreGraphics.framework in Frameworks */,
				A125C1AE17EDE56F0063763F /* UIKit.framework in Frameworks */,
				A125C1AA17EDE56F0063763F /* Foundation.framework in Frameworks */,
				A9EB8279A8454B288E9A502F /* libPods-Example.a in Frameworks */,
			);
			runOnlyForDeploymentPostprocessing = 0;
		};
		A125C1BE17EDE56F0063763F /* Frameworks */ = {
			isa = PBXFrameworksBuildPhase;
			buildActionMask = 2147483647;
			files = (
				A125C1C317EDE56F0063763F /* XCTest.framework in Frameworks */,
				A125C1C517EDE56F0063763F /* UIKit.framework in Frameworks */,
				A125C1C417EDE56F0063763F /* Foundation.framework in Frameworks */,
			);
			runOnlyForDeploymentPostprocessing = 0;
		};
/* End PBXFrameworksBuildPhase section */

/* Begin PBXGroup section */
		A125C19D17EDE56F0063763F = {
			isa = PBXGroup;
			children = (
				A125C1AF17EDE56F0063763F /* Example */,
				A125C1A817EDE56F0063763F /* Frameworks */,
				A125C1A717EDE56F0063763F /* Products */,
				A64D2C2FF3E34C32B96BAB39 /* Pods-Example.xcconfig */,
			);
			sourceTree = "<group>";
		};
		A125C1A717EDE56F0063763F /* Products */ = {
			isa = PBXGroup;
			children = (
				A125C1A617EDE56F0063763F /* Example.app */,
				A125C1C117EDE56F0063763F /* ExampleTests.xctest */,
			);
			name = Products;
			sourceTree = "<group>";
		};
		A125C1A817EDE56F0063763F /* Frameworks */ = {
			isa = PBXGroup;
			children = (
				A125C1A917EDE56F0063763F /* Foundation.framework */,
				A125C1AB17EDE56F0063763F /* CoreGraphics.framework */,
				A125C1AD17EDE56F0063763F /* UIKit.framework */,
				A125C1C217EDE56F0063763F /* XCTest.framework */,
				3B4E4BEA73C64323893899AA /* libPods-Example.a */,
			);
			name = Frameworks;
			sourceTree = "<group>";
		};
		A125C1AF17EDE56F0063763F /* Example */ = {
			isa = PBXGroup;
			children = (
				A125C1B017EDE56F0063763F /* Supporting Files */,
				A125C1BB17EDE56F0063763F /* Images.xcassets */,
				A125C1B817EDE56F0063763F /* AppDelegate.h */,
				A125C1B917EDE56F0063763F /* AppDelegate.m */,
				A125C1D817EDE8A00063763F /* MainStoryboard.storyboard */,
				A125C1DA17EDE8CA0063763F /* YeastsViewController.h */,
				A125C1DB17EDE8CA0063763F /* YeastsViewController.m */,
				A125C1DD17EDE9630063763F /* Yeast.h */,
				A125C1DE17EDE9630063763F /* Yeast.m */,
				A1A8A6DB17EF97D500B1CF50 /* HTTPClient.h */,
				A1A8A6DC17EF97D500B1CF50 /* HTTPClient.m */,
				A12B311B1812C2F70088452E /* Mapper.h */,
				A12B311C1812C2F70088452E /* Mapper.m */,
			);
			path = Example;
			sourceTree = "<group>";
		};
		A125C1B017EDE56F0063763F /* Supporting Files */ = {
			isa = PBXGroup;
			children = (
				A125C1B117EDE56F0063763F /* Example-Info.plist */,
				A125C1B217EDE56F0063763F /* InfoPlist.strings */,
				A125C1B517EDE56F0063763F /* main.m */,
				A125C1B717EDE56F0063763F /* Example-Prefix.pch */,
			);
			name = "Supporting Files";
			sourceTree = "<group>";
		};
/* End PBXGroup section */

/* Begin PBXNativeTarget section */
		A125C1A517EDE56F0063763F /* Example */ = {
			isa = PBXNativeTarget;
			buildConfigurationList = A125C1D217EDE56F0063763F /* Build configuration list for PBXNativeTarget "Example" */;
			buildPhases = (
				0442489678974E70B8993BCE /* Check Pods Manifest.lock */,
				A125C1A217EDE56F0063763F /* Sources */,
				A125C1A317EDE56F0063763F /* Frameworks */,
				A125C1A417EDE56F0063763F /* Resources */,
				8D5D2B6AF70E4FD7A189410A /* Copy Pods Resources */,
			);
			buildRules = (
			);
			dependencies = (
			);
			name = Example;
			productName = Example;
			productReference = A125C1A617EDE56F0063763F /* Example.app */;
			productType = "com.apple.product-type.application";
		};
		A125C1C017EDE56F0063763F /* ExampleTests */ = {
			isa = PBXNativeTarget;
			buildConfigurationList = A125C1D517EDE56F0063763F /* Build configuration list for PBXNativeTarget "ExampleTests" */;
			buildPhases = (
				A125C1BD17EDE56F0063763F /* Sources */,
				A125C1BE17EDE56F0063763F /* Frameworks */,
				A125C1BF17EDE56F0063763F /* Resources */,
			);
			buildRules = (
			);
			dependencies = (
				A125C1C717EDE56F0063763F /* PBXTargetDependency */,
			);
			name = ExampleTests;
			productName = ExampleTests;
			productReference = A125C1C117EDE56F0063763F /* ExampleTests.xctest */;
			productType = "com.apple.product-type.bundle.unit-test";
		};
/* End PBXNativeTarget section */

/* Begin PBXProject section */
		A125C19E17EDE56F0063763F /* Project object */ = {
			isa = PBXProject;
			attributes = {
				LastUpgradeCheck = 0500;
				ORGANIZATIONNAME = "Klaas Pieter Annema";
				TargetAttributes = {
					A125C1C017EDE56F0063763F = {
						TestTargetID = A125C1A517EDE56F0063763F;
					};
				};
			};
			buildConfigurationList = A125C1A117EDE56F0063763F /* Build configuration list for PBXProject "Example" */;
			compatibilityVersion = "Xcode 3.2";
			developmentRegion = English;
			hasScannedForEncodings = 0;
			knownRegions = (
				en,
			);
			mainGroup = A125C19D17EDE56F0063763F;
			productRefGroup = A125C1A717EDE56F0063763F /* Products */;
			projectDirPath = "";
			projectRoot = "";
			targets = (
				A125C1A517EDE56F0063763F /* Example */,
				A125C1C017EDE56F0063763F /* ExampleTests */,
			);
		};
/* End PBXProject section */

/* Begin PBXResourcesBuildPhase section */
		A125C1A417EDE56F0063763F /* Resources */ = {
			isa = PBXResourcesBuildPhase;
			buildActionMask = 2147483647;
			files = (
				A125C1D917EDE8A00063763F /* MainStoryboard.storyboard in Resources */,
				A125C1B417EDE56F0063763F /* InfoPlist.strings in Resources */,
				A125C1BC17EDE56F0063763F /* Images.xcassets in Resources */,
			);
			runOnlyForDeploymentPostprocessing = 0;
		};
		A125C1BF17EDE56F0063763F /* Resources */ = {
			isa = PBXResourcesBuildPhase;
			buildActionMask = 2147483647;
			files = (
			);
			runOnlyForDeploymentPostprocessing = 0;
		};
/* End PBXResourcesBuildPhase section */

/* Begin PBXShellScriptBuildPhase section */
		0442489678974E70B8993BCE /* Check Pods Manifest.lock */ = {
			isa = PBXShellScriptBuildPhase;
			buildActionMask = 2147483647;
			files = (
			);
			inputPaths = (
			);
			name = "Check Pods Manifest.lock";
			outputPaths = (
			);
			runOnlyForDeploymentPostprocessing = 0;
			shellPath = /bin/sh;
			shellScript = "diff \"${PODS_ROOT}/../Podfile.lock\" \"${PODS_ROOT}/Manifest.lock\" > /dev/null\nif [[ $? != 0 ]] ; then\n    cat << EOM\nerror: The sandbox is not in sync with the Podfile.lock. Run 'pod install' or update your CocoaPods installation.\nEOM\n    exit 1\nfi\n";
			showEnvVarsInLog = 0;
		};
		8D5D2B6AF70E4FD7A189410A /* Copy Pods Resources */ = {
			isa = PBXShellScriptBuildPhase;
			buildActionMask = 2147483647;
			files = (
			);
			inputPaths = (
			);
			name = "Copy Pods Resources";
			outputPaths = (
			);
			runOnlyForDeploymentPostprocessing = 0;
			shellPath = /bin/sh;
			shellScript = "\"${SRCROOT}/../Project/Pods/Pods-Example-resources.sh\"\n";
			showEnvVarsInLog = 0;
		};
/* End PBXShellScriptBuildPhase section */

/* Begin PBXSourcesBuildPhase section */
		A125C1A217EDE56F0063763F /* Sources */ = {
			isa = PBXSourcesBuildPhase;
			buildActionMask = 2147483647;
			files = (
				A125C1DF17EDE9630063763F /* Yeast.m in Sources */,
				A125C1BA17EDE56F0063763F /* AppDelegate.m in Sources */,
				A125C1DC17EDE8CA0063763F /* YeastsViewController.m in Sources */,
				A1A8A6DD17EF97D500B1CF50 /* HTTPClient.m in Sources */,
				A12B311D1812C2F70088452E /* Mapper.m in Sources */,
				A125C1B617EDE56F0063763F /* main.m in Sources */,
			);
			runOnlyForDeploymentPostprocessing = 0;
		};
		A125C1BD17EDE56F0063763F /* Sources */ = {
			isa = PBXSourcesBuildPhase;
			buildActionMask = 2147483647;
			files = (
			);
			runOnlyForDeploymentPostprocessing = 0;
		};
/* End PBXSourcesBuildPhase section */

/* Begin PBXTargetDependency section */
		A125C1C717EDE56F0063763F /* PBXTargetDependency */ = {
			isa = PBXTargetDependency;
			target = A125C1A517EDE56F0063763F /* Example */;
			targetProxy = A125C1C617EDE56F0063763F /* PBXContainerItemProxy */;
		};
/* End PBXTargetDependency section */

/* Begin PBXVariantGroup section */
		A125C1B217EDE56F0063763F /* InfoPlist.strings */ = {
			isa = PBXVariantGroup;
			children = (
				A125C1B317EDE56F0063763F /* en */,
			);
			name = InfoPlist.strings;
			sourceTree = "<group>";
		};
/* End PBXVariantGroup section */

/* Begin XCBuildConfiguration section */
		A125C1D017EDE56F0063763F /* Debug */ = {
			isa = XCBuildConfiguration;
			buildSettings = {
				ALWAYS_SEARCH_USER_PATHS = NO;
				ARCHS = "$(ARCHS_STANDARD_INCLUDING_64_BIT)";
				CLANG_CXX_LANGUAGE_STANDARD = "gnu++0x";
				CLANG_CXX_LIBRARY = "libc++";
				CLANG_ENABLE_MODULES = YES;
				CLANG_ENABLE_OBJC_ARC = YES;
				CLANG_WARN_BOOL_CONVERSION = YES;
				CLANG_WARN_CONSTANT_CONVERSION = YES;
				CLANG_WARN_DIRECT_OBJC_ISA_USAGE = YES_ERROR;
				CLANG_WARN_EMPTY_BODY = YES;
				CLANG_WARN_ENUM_CONVERSION = YES;
				CLANG_WARN_INT_CONVERSION = YES;
				CLANG_WARN_OBJC_ROOT_CLASS = YES_ERROR;
				CLANG_WARN__DUPLICATE_METHOD_MATCH = YES;
				"CODE_SIGN_IDENTITY[sdk=iphoneos*]" = "iPhone Developer";
				COPY_PHASE_STRIP = NO;
				GCC_C_LANGUAGE_STANDARD = gnu99;
				GCC_DYNAMIC_NO_PIC = NO;
				GCC_OPTIMIZATION_LEVEL = 0;
				GCC_PREPROCESSOR_DEFINITIONS = (
					"DEBUG=1",
					"$(inherited)",
				);
				GCC_SYMBOLS_PRIVATE_EXTERN = NO;
				GCC_WARN_64_TO_32_BIT_CONVERSION = YES;
				GCC_WARN_ABOUT_RETURN_TYPE = YES_ERROR;
				GCC_WARN_UNDECLARED_SELECTOR = YES;
				GCC_WARN_UNINITIALIZED_AUTOS = YES;
				GCC_WARN_UNUSED_FUNCTION = YES;
				GCC_WARN_UNUSED_VARIABLE = YES;
				IPHONEOS_DEPLOYMENT_TARGET = 7.0;
				ONLY_ACTIVE_ARCH = YES;
				SDKROOT = iphoneos;
			};
			name = Debug;
		};
		A125C1D117EDE56F0063763F /* Release */ = {
			isa = XCBuildConfiguration;
			buildSettings = {
				ALWAYS_SEARCH_USER_PATHS = NO;
				ARCHS = "$(ARCHS_STANDARD_INCLUDING_64_BIT)";
				CLANG_CXX_LANGUAGE_STANDARD = "gnu++0x";
				CLANG_CXX_LIBRARY = "libc++";
				CLANG_ENABLE_MODULES = YES;
				CLANG_ENABLE_OBJC_ARC = YES;
				CLANG_WARN_BOOL_CONVERSION = YES;
				CLANG_WARN_CONSTANT_CONVERSION = YES;
				CLANG_WARN_DIRECT_OBJC_ISA_USAGE = YES_ERROR;
				CLANG_WARN_EMPTY_BODY = YES;
				CLANG_WARN_ENUM_CONVERSION = YES;
				CLANG_WARN_INT_CONVERSION = YES;
				CLANG_WARN_OBJC_ROOT_CLASS = YES_ERROR;
				CLANG_WARN__DUPLICATE_METHOD_MATCH = YES;
				"CODE_SIGN_IDENTITY[sdk=iphoneos*]" = "iPhone Developer";
				COPY_PHASE_STRIP = YES;
				ENABLE_NS_ASSERTIONS = NO;
				GCC_C_LANGUAGE_STANDARD = gnu99;
				GCC_WARN_64_TO_32_BIT_CONVERSION = YES;
				GCC_WARN_ABOUT_RETURN_TYPE = YES_ERROR;
				GCC_WARN_UNDECLARED_SELECTOR = YES;
				GCC_WARN_UNINITIALIZED_AUTOS = YES;
				GCC_WARN_UNUSED_FUNCTION = YES;
				GCC_WARN_UNUSED_VARIABLE = YES;
				IPHONEOS_DEPLOYMENT_TARGET = 7.0;
				SDKROOT = iphoneos;
				VALIDATE_PRODUCT = YES;
			};
			name = Release;
		};
		A125C1D317EDE56F0063763F /* Debug */ = {
			isa = XCBuildConfiguration;
			baseConfigurationReference = A64D2C2FF3E34C32B96BAB39 /* Pods-Example.xcconfig */;
			buildSettings = {
				ASSETCATALOG_COMPILER_APPICON_NAME = AppIcon;
				ASSETCATALOG_COMPILER_LAUNCHIMAGE_NAME = LaunchImage;
				GCC_PRECOMPILE_PREFIX_HEADER = YES;
				GCC_PREFIX_HEADER = "Example/Example-Prefix.pch";
				INFOPLIST_FILE = "Example/Example-Info.plist";
				PRODUCT_NAME = "$(TARGET_NAME)";
				WRAPPER_EXTENSION = app;
			};
			name = Debug;
		};
		A125C1D417EDE56F0063763F /* Release */ = {
			isa = XCBuildConfiguration;
			baseConfigurationReference = A64D2C2FF3E34C32B96BAB39 /* Pods-Example.xcconfig */;
			buildSettings = {
				ASSETCATALOG_COMPILER_APPICON_NAME = AppIcon;
				ASSETCATALOG_COMPILER_LAUNCHIMAGE_NAME = LaunchImage;
				GCC_PRECOMPILE_PREFIX_HEADER = YES;
				GCC_PREFIX_HEADER = "Example/Example-Prefix.pch";
				INFOPLIST_FILE = "Example/Example-Info.plist";
				PRODUCT_NAME = "$(TARGET_NAME)";
				WRAPPER_EXTENSION = app;
			};
			name = Release;
		};
		A125C1D617EDE56F0063763F /* Debug */ = {
			isa = XCBuildConfiguration;
			buildSettings = {
				ARCHS = "$(ARCHS_STANDARD_INCLUDING_64_BIT)";
				BUNDLE_LOADER = "$(BUILT_PRODUCTS_DIR)/Example.app/Example";
				FRAMEWORK_SEARCH_PATHS = (
					"$(SDKROOT)/Developer/Library/Frameworks",
					"$(inherited)",
					"$(DEVELOPER_FRAMEWORKS_DIR)",
				);
				GCC_PRECOMPILE_PREFIX_HEADER = YES;
				GCC_PREFIX_HEADER = "Example/Example-Prefix.pch";
				GCC_PREPROCESSOR_DEFINITIONS = (
					"DEBUG=1",
					"$(inherited)",
				);
				INFOPLIST_FILE = "ExampleTests/ExampleTests-Info.plist";
				PRODUCT_NAME = "$(TARGET_NAME)";
				TEST_HOST = "$(BUNDLE_LOADER)";
				WRAPPER_EXTENSION = xctest;
			};
			name = Debug;
		};
		A125C1D717EDE56F0063763F /* Release */ = {
			isa = XCBuildConfiguration;
			buildSettings = {
				ARCHS = "$(ARCHS_STANDARD_INCLUDING_64_BIT)";
				BUNDLE_LOADER = "$(BUILT_PRODUCTS_DIR)/Example.app/Example";
				FRAMEWORK_SEARCH_PATHS = (
					"$(SDKROOT)/Developer/Library/Frameworks",
					"$(inherited)",
					"$(DEVELOPER_FRAMEWORKS_DIR)",
				);
				GCC_PRECOMPILE_PREFIX_HEADER = YES;
				GCC_PREFIX_HEADER = "Example/Example-Prefix.pch";
				INFOPLIST_FILE = "ExampleTests/ExampleTests-Info.plist";
				PRODUCT_NAME = "$(TARGET_NAME)";
				TEST_HOST = "$(BUNDLE_LOADER)";
				WRAPPER_EXTENSION = xctest;
			};
			name = Release;
		};
/* End XCBuildConfiguration section */

/* Begin XCConfigurationList section */
		A125C1A117EDE56F0063763F /* Build configuration list for PBXProject "Example" */ = {
			isa = XCConfigurationList;
			buildConfigurations = (
				A125C1D017EDE56F0063763F /* Debug */,
				A125C1D117EDE56F0063763F /* Release */,
			);
			defaultConfigurationIsVisible = 0;
			defaultConfigurationName = Release;
		};
		A125C1D217EDE56F0063763F /* Build configuration list for PBXNativeTarget "Example" */ = {
			isa = XCConfigurationList;
			buildConfigurations = (
				A125C1D317EDE56F0063763F /* Debug */,
				A125C1D417EDE56F0063763F /* Release */,
			);
			defaultConfigurationIsVisible = 0;
			defaultConfigurationName = Release;
		};
		A125C1D517EDE56F0063763F /* Build configuration list for PBXNativeTarget "ExampleTests" */ = {
			isa = XCConfigurationList;
			buildConfigurations = (
				A125C1D617EDE56F0063763F /* Debug */,
				A125C1D717EDE56F0063763F /* Release */,
			);
			defaultConfigurationIsVisible = 0;
			defaultConfigurationName = Release;
		};
/* End XCConfigurationList section */
	};
	rootObject = A125C19E17EDE56F0063763F /* Project object */;
}
