// !$*UTF8*$!
{
	archiveVersion = 1;
	classes = {
	};
	objectVersion = 46;
	objects = {

/* Begin PBXBuildFile section */
		85D2F51389D14EC8947352DB /* libPods-Specs.a in Frameworks */ = {isa = PBXBuildFile; fileRef = 5D48E02F67DD4191847855B3 /* libPods-Specs.a */; };
		93F2329B952D4C1C98DAFA30 /* libPods.a in Frameworks */ = {isa = PBXBuildFile; fileRef = 7953515CB94E4A45B716298D /* libPods.a */; };
		A12025DC180E08010019C01E /* APIMapperSpec.m in Sources */ = {isa = PBXBuildFile; fileRef = A12025DB180E08010019C01E /* APIMapperSpec.m */; };
		A124C200180B7DB70088BE4C /* APIMapper.m in Sources */ = {isa = PBXBuildFile; fileRef = A124C1FF180B7DB70088BE4C /* APIMapper.m */; };
		A125C15017EDE0070063763F /* APIJSONSerializerSpec.m in Sources */ = {isa = PBXBuildFile; fileRef = A125C14F17EDE0070063763F /* APIJSONSerializerSpec.m */; };
		A1537E3817D1768400D22137 /* UIKit.framework in Frameworks */ = {isa = PBXBuildFile; fileRef = A1537E3717D1768400D22137 /* UIKit.framework */; };
		A1537E3917D176AA00D22137 /* UIKit.framework in Frameworks */ = {isa = PBXBuildFile; fileRef = A1537E3717D1768400D22137 /* UIKit.framework */; };
		A15E12F8180E21F100DA9A48 /* APITestMappingProvider.m in Sources */ = {isa = PBXBuildFile; fileRef = A15E12F6180E21EF00DA9A48 /* APITestMappingProvider.m */; };
		A1894E6E17D17CBE0052609F /* SystemConfiguration.framework in Frameworks */ = {isa = PBXBuildFile; fileRef = A1894E6D17D17CBE0052609F /* SystemConfiguration.framework */; };
		A1894E7017D17CC60052609F /* MobileCoreServices.framework in Frameworks */ = {isa = PBXBuildFile; fileRef = A1894E6F17D17CC60052609F /* MobileCoreServices.framework */; };
		A1894E7317D17D9F0052609F /* APIAFNetworkingHTTPClient.m in Sources */ = {isa = PBXBuildFile; fileRef = A1894E7217D17D9F0052609F /* APIAFNetworkingHTTPClient.m */; };
		A1894E7617D17E400052609F /* APITestHTTPClient.m in Sources */ = {isa = PBXBuildFile; fileRef = A1894E7517D17E400052609F /* APITestHTTPClient.m */; };
		A18F65A217ED0F28009D7818 /* APIJSONSerializer.m in Sources */ = {isa = PBXBuildFile; fileRef = A18F65A117ED0F28009D7818 /* APIJSONSerializer.m */; };
		A19B260F17D17056008DA908 /* Foundation.framework in Frameworks */ = {isa = PBXBuildFile; fileRef = A19B25BA17D16E47008DA908 /* Foundation.framework */; };
		A19B261D17D17056008DA908 /* SenTestingKit.framework in Frameworks */ = {isa = PBXBuildFile; fileRef = A19B25C917D16E47008DA908 /* SenTestingKit.framework */; };
		A19B261F17D17056008DA908 /* Foundation.framework in Frameworks */ = {isa = PBXBuildFile; fileRef = A19B25BA17D16E47008DA908 /* Foundation.framework */; };
		A19B262217D17056008DA908 /* libAPIClient.a in Frameworks */ = {isa = PBXBuildFile; fileRef = A19B260E17D17056008DA908 /* libAPIClient.a */; };
		A19B265617D17257008DA908 /* APIClient.m in Sources */ = {isa = PBXBuildFile; fileRef = A19B265517D17257008DA908 /* APIClient.m */; };
		A19B265E17D1725E008DA908 /* InfoPlist.strings in Resources */ = {isa = PBXBuildFile; fileRef = A19B265A17D1725E008DA908 /* InfoPlist.strings */; };
		A19B266217D172FE008DA908 /* APIClientSpecs.m in Sources */ = {isa = PBXBuildFile; fileRef = A19B266117D172FE008DA908 /* APIClientSpecs.m */; };
		A1BEBB9717E4C1C2006C8432 /* APIRouter.m in Sources */ = {isa = PBXBuildFile; fileRef = A1BEBB9617E4C1C2006C8432 /* APIRouter.m */; };
		A1BEBB9A17E4C57F006C8432 /* APIRouterSpecs.m in Sources */ = {isa = PBXBuildFile; fileRef = A1BEBB9917E4C57F006C8432 /* APIRouterSpecs.m */; };
		A1BEBB9E17E4C702006C8432 /* APIInflector.m in Sources */ = {isa = PBXBuildFile; fileRef = A1BEBB9D17E4C702006C8432 /* APIInflector.m */; };
		A1BEBBA117E519E4006C8432 /* APIInflectorSpecs.m in Sources */ = {isa = PBXBuildFile; fileRef = A1BEBBA017E519E4006C8432 /* APIInflectorSpecs.m */; };
		A1BEBBA417E51BBC006C8432 /* APIClientConfiguration.m in Sources */ = {isa = PBXBuildFile; fileRef = A1BEBBA317E51BBB006C8432 /* APIClientConfiguration.m */; };
		A1BEBBA617E51D6B006C8432 /* APIClientConfigurationSpecs.m in Sources */ = {isa = PBXBuildFile; fileRef = A1BEBBA517E51D6B006C8432 /* APIClientConfigurationSpecs.m */; };
		A1D7C3EC17DFDAA8000F8510 /* APIResponse.m in Sources */ = {isa = PBXBuildFile; fileRef = A1D7C3EB17DFDAA8000F8510 /* APIResponse.m */; };
		A1D7C3F017DFDAE2000F8510 /* Product.m in Sources */ = {isa = PBXBuildFile; fileRef = A1D7C3EF17DFDAE2000F8510 /* Product.m */; };
		A1D7C3F217DFE589000F8510 /* APIResponseSpecs.m in Sources */ = {isa = PBXBuildFile; fileRef = A1D7C3F117DFE589000F8510 /* APIResponseSpecs.m */; };
/* End PBXBuildFile section */

/* Begin PBXContainerItemProxy section */
		A19B262017D17056008DA908 /* PBXContainerItemProxy */ = {
			isa = PBXContainerItemProxy;
			containerPortal = A19B25AF17D16E47008DA908 /* Project object */;
			proxyType = 1;
			remoteGlobalIDString = A19B260D17D17056008DA908;
			remoteInfo = APIClient;
		};
/* End PBXContainerItemProxy section */

/* Begin PBXCopyFilesBuildPhase section */
		A19B260C17D17056008DA908 /* CopyFiles */ = {
			isa = PBXCopyFilesBuildPhase;
			buildActionMask = 2147483647;
			dstPath = "include/${PRODUCT_NAME}";
			dstSubfolderSpec = 16;
			files = (
			);
			runOnlyForDeploymentPostprocessing = 0;
		};
/* End PBXCopyFilesBuildPhase section */

/* Begin PBXFileReference section */
		5D48E02F67DD4191847855B3 /* libPods-Specs.a */ = {isa = PBXFileReference; explicitFileType = archive.ar; includeInIndex = 0; path = "libPods-Specs.a"; sourceTree = BUILT_PRODUCTS_DIR; };
		60820679716F4CCD8ABFA748 /* Pods-Specs.xcconfig */ = {isa = PBXFileReference; includeInIndex = 1; lastKnownFileType = text.xcconfig; name = "Pods-Specs.xcconfig"; path = "Pods/Pods-Specs.xcconfig"; sourceTree = SOURCE_ROOT; };
		7953515CB94E4A45B716298D /* libPods.a */ = {isa = PBXFileReference; explicitFileType = archive.ar; includeInIndex = 0; path = libPods.a; sourceTree = BUILT_PRODUCTS_DIR; };
		A12025DB180E08010019C01E /* APIMapperSpec.m */ = {isa = PBXFileReference; fileEncoding = 4; lastKnownFileType = sourcecode.c.objc; path = APIMapperSpec.m; sourceTree = "<group>"; };
		A124C1FF180B7DB70088BE4C /* APIMapper.m */ = {isa = PBXFileReference; fileEncoding = 4; lastKnownFileType = sourcecode.c.objc; path = APIMapper.m; sourceTree = "<group>"; };
		A125C14F17EDE0070063763F /* APIJSONSerializerSpec.m */ = {isa = PBXFileReference; fileEncoding = 4; lastKnownFileType = sourcecode.c.objc; path = APIJSONSerializerSpec.m; sourceTree = "<group>"; };
		A1537E3717D1768400D22137 /* UIKit.framework */ = {isa = PBXFileReference; lastKnownFileType = wrapper.framework; name = UIKit.framework; path = System/Library/Frameworks/UIKit.framework; sourceTree = SDKROOT; };
		A15E12F5180E21EF00DA9A48 /* APITestMappingProvider.h */ = {isa = PBXFileReference; fileEncoding = 4; lastKnownFileType = sourcecode.c.h; path = APITestMappingProvider.h; sourceTree = "<group>"; };
		A15E12F6180E21EF00DA9A48 /* APITestMappingProvider.m */ = {isa = PBXFileReference; fileEncoding = 4; lastKnownFileType = sourcecode.c.objc; path = APITestMappingProvider.m; sourceTree = "<group>"; };
		A15E12F9180E229E00DA9A48 /* APIMappingProvider.h */ = {isa = PBXFileReference; lastKnownFileType = sourcecode.c.h; path = APIMappingProvider.h; sourceTree = "<group>"; };
		A1894E6C17D17C330052609F /* APIHTTPClient.h */ = {isa = PBXFileReference; fileEncoding = 4; lastKnownFileType = sourcecode.c.h; path = APIHTTPClient.h; sourceTree = "<group>"; };
		A1894E6D17D17CBE0052609F /* SystemConfiguration.framework */ = {isa = PBXFileReference; lastKnownFileType = wrapper.framework; name = SystemConfiguration.framework; path = System/Library/Frameworks/SystemConfiguration.framework; sourceTree = SDKROOT; };
		A1894E6F17D17CC60052609F /* MobileCoreServices.framework */ = {isa = PBXFileReference; lastKnownFileType = wrapper.framework; name = MobileCoreServices.framework; path = System/Library/Frameworks/MobileCoreServices.framework; sourceTree = SDKROOT; };
		A1894E7117D17D9F0052609F /* APIAFNetworkingHTTPClient.h */ = {isa = PBXFileReference; fileEncoding = 4; lastKnownFileType = sourcecode.c.h; path = APIAFNetworkingHTTPClient.h; sourceTree = "<group>"; };
		A1894E7217D17D9F0052609F /* APIAFNetworkingHTTPClient.m */ = {isa = PBXFileReference; fileEncoding = 4; lastKnownFileType = sourcecode.c.objc; path = APIAFNetworkingHTTPClient.m; sourceTree = "<group>"; };
		A1894E7417D17E400052609F /* APITestHTTPClient.h */ = {isa = PBXFileReference; fileEncoding = 4; lastKnownFileType = sourcecode.c.h; path = APITestHTTPClient.h; sourceTree = "<group>"; };
		A1894E7517D17E400052609F /* APITestHTTPClient.m */ = {isa = PBXFileReference; fileEncoding = 4; lastKnownFileType = sourcecode.c.objc; path = APITestHTTPClient.m; sourceTree = "<group>"; };
		A18F65A017ED0F28009D7818 /* APIJSONSerializer.h */ = {isa = PBXFileReference; fileEncoding = 4; lastKnownFileType = sourcecode.c.h; path = APIJSONSerializer.h; sourceTree = "<group>"; };
		A18F65A117ED0F28009D7818 /* APIJSONSerializer.m */ = {isa = PBXFileReference; fileEncoding = 4; lastKnownFileType = sourcecode.c.objc; path = APIJSONSerializer.m; sourceTree = "<group>"; };
		A19B25BA17D16E47008DA908 /* Foundation.framework */ = {isa = PBXFileReference; lastKnownFileType = wrapper.framework; name = Foundation.framework; path = System/Library/Frameworks/Foundation.framework; sourceTree = SDKROOT; };
		A19B25C917D16E47008DA908 /* SenTestingKit.framework */ = {isa = PBXFileReference; lastKnownFileType = wrapper.framework; name = SenTestingKit.framework; path = Library/Frameworks/SenTestingKit.framework; sourceTree = DEVELOPER_DIR; };
		A19B260E17D17056008DA908 /* libAPIClient.a */ = {isa = PBXFileReference; explicitFileType = archive.ar; includeInIndex = 0; path = libAPIClient.a; sourceTree = BUILT_PRODUCTS_DIR; };
		A19B261C17D17056008DA908 /* Specs.octest */ = {isa = PBXFileReference; explicitFileType = wrapper.cfbundle; includeInIndex = 0; path = Specs.octest; sourceTree = BUILT_PRODUCTS_DIR; };
		A19B265317D17257008DA908 /* APIClient-Prefix.pch */ = {isa = PBXFileReference; fileEncoding = 4; lastKnownFileType = sourcecode.c.h; path = "APIClient-Prefix.pch"; sourceTree = "<group>"; };
		A19B265417D17257008DA908 /* APIClient.h */ = {isa = PBXFileReference; fileEncoding = 4; lastKnownFileType = sourcecode.c.h; path = APIClient.h; sourceTree = "<group>"; };
		A19B265517D17257008DA908 /* APIClient.m */ = {isa = PBXFileReference; fileEncoding = 4; lastKnownFileType = sourcecode.c.objc; path = APIClient.m; sourceTree = "<group>"; };
		A19B265817D1725E008DA908 /* Info.plist */ = {isa = PBXFileReference; fileEncoding = 4; lastKnownFileType = text.plist; path = Info.plist; sourceTree = "<group>"; };
		A19B265B17D1725E008DA908 /* en */ = {isa = PBXFileReference; lastKnownFileType = text.plist.strings; name = en; path = en.lproj/InfoPlist.strings; sourceTree = "<group>"; };
		A19B266117D172FE008DA908 /* APIClientSpecs.m */ = {isa = PBXFileReference; fileEncoding = 4; lastKnownFileType = sourcecode.c.objc; path = APIClientSpecs.m; sourceTree = "<group>"; };
		A1BEBB9517E4AE62006C8432 /* APIRouter.h */ = {isa = PBXFileReference; lastKnownFileType = sourcecode.c.h; path = APIRouter.h; sourceTree = "<group>"; };
		A1BEBB9617E4C1C2006C8432 /* APIRouter.m */ = {isa = PBXFileReference; fileEncoding = 4; lastKnownFileType = sourcecode.c.objc; path = APIRouter.m; sourceTree = "<group>"; };
		A1BEBB9917E4C57F006C8432 /* APIRouterSpecs.m */ = {isa = PBXFileReference; fileEncoding = 4; lastKnownFileType = sourcecode.c.objc; path = APIRouterSpecs.m; sourceTree = "<group>"; };
		A1BEBB9C17E4C702006C8432 /* APIInflector.h */ = {isa = PBXFileReference; fileEncoding = 4; lastKnownFileType = sourcecode.c.h; path = APIInflector.h; sourceTree = "<group>"; };
		A1BEBB9D17E4C702006C8432 /* APIInflector.m */ = {isa = PBXFileReference; fileEncoding = 4; lastKnownFileType = sourcecode.c.objc; path = APIInflector.m; sourceTree = "<group>"; };
		A1BEBBA017E519E4006C8432 /* APIInflectorSpecs.m */ = {isa = PBXFileReference; fileEncoding = 4; lastKnownFileType = sourcecode.c.objc; path = APIInflectorSpecs.m; sourceTree = "<group>"; };
		A1BEBBA217E51BBB006C8432 /* APIClientConfiguration.h */ = {isa = PBXFileReference; fileEncoding = 4; lastKnownFileType = sourcecode.c.h; path = APIClientConfiguration.h; sourceTree = "<group>"; };
		A1BEBBA317E51BBB006C8432 /* APIClientConfiguration.m */ = {isa = PBXFileReference; fileEncoding = 4; lastKnownFileType = sourcecode.c.objc; path = APIClientConfiguration.m; sourceTree = "<group>"; };
		A1BEBBA517E51D6B006C8432 /* APIClientConfigurationSpecs.m */ = {isa = PBXFileReference; fileEncoding = 4; lastKnownFileType = sourcecode.c.objc; path = APIClientConfigurationSpecs.m; sourceTree = "<group>"; };
		A1D7C3EA17DFDAA8000F8510 /* APIResponse.h */ = {isa = PBXFileReference; fileEncoding = 4; lastKnownFileType = sourcecode.c.h; path = APIResponse.h; sourceTree = "<group>"; };
		A1D7C3EB17DFDAA8000F8510 /* APIResponse.m */ = {isa = PBXFileReference; fileEncoding = 4; lastKnownFileType = sourcecode.c.objc; path = APIResponse.m; sourceTree = "<group>"; };
		A1D7C3EE17DFDAE2000F8510 /* Product.h */ = {isa = PBXFileReference; fileEncoding = 4; lastKnownFileType = sourcecode.c.h; path = Product.h; sourceTree = "<group>"; };
		A1D7C3EF17DFDAE2000F8510 /* Product.m */ = {isa = PBXFileReference; fileEncoding = 4; lastKnownFileType = sourcecode.c.objc; path = Product.m; sourceTree = "<group>"; };
		A1D7C3F117DFE589000F8510 /* APIResponseSpecs.m */ = {isa = PBXFileReference; fileEncoding = 4; lastKnownFileType = sourcecode.c.objc; path = APIResponseSpecs.m; sourceTree = "<group>"; };
		A1DD518B180B7A4B00465924 /* APIMapper.h */ = {isa = PBXFileReference; lastKnownFileType = sourcecode.c.h; path = APIMapper.h; sourceTree = "<group>"; };
		A1E374F617DFBD8700235A34 /* SpecHelper.h */ = {isa = PBXFileReference; lastKnownFileType = sourcecode.c.h; path = SpecHelper.h; sourceTree = "<group>"; };
		C6E64584EE9D406A9F78DE5C /* Pods.xcconfig */ = {isa = PBXFileReference; includeInIndex = 1; lastKnownFileType = text.xcconfig; name = Pods.xcconfig; path = Pods/Pods.xcconfig; sourceTree = SOURCE_ROOT; };
/* End PBXFileReference section */

/* Begin PBXFrameworksBuildPhase section */
		A19B260B17D17056008DA908 /* Frameworks */ = {
			isa = PBXFrameworksBuildPhase;
			buildActionMask = 2147483647;
			files = (
				A1894E7017D17CC60052609F /* MobileCoreServices.framework in Frameworks */,
				A1894E6E17D17CBE0052609F /* SystemConfiguration.framework in Frameworks */,
				A1537E3817D1768400D22137 /* UIKit.framework in Frameworks */,
				A19B260F17D17056008DA908 /* Foundation.framework in Frameworks */,
				93F2329B952D4C1C98DAFA30 /* libPods.a in Frameworks */,
			);
			runOnlyForDeploymentPostprocessing = 0;
		};
		A19B261817D17056008DA908 /* Frameworks */ = {
			isa = PBXFrameworksBuildPhase;
			buildActionMask = 2147483647;
			files = (
				A1537E3917D176AA00D22137 /* UIKit.framework in Frameworks */,
				A19B261D17D17056008DA908 /* SenTestingKit.framework in Frameworks */,
				A19B261F17D17056008DA908 /* Foundation.framework in Frameworks */,
				A19B262217D17056008DA908 /* libAPIClient.a in Frameworks */,
				85D2F51389D14EC8947352DB /* libPods-Specs.a in Frameworks */,
			);
			runOnlyForDeploymentPostprocessing = 0;
		};
/* End PBXFrameworksBuildPhase section */

/* Begin PBXGroup section */
		A1060D2917DD284500EC32B7 /* Client */ = {
			isa = PBXGroup;
			children = (
				A19B265417D17257008DA908 /* APIClient.h */,
				A19B265517D17257008DA908 /* APIClient.m */,
				A1BEBBA217E51BBB006C8432 /* APIClientConfiguration.h */,
				A1BEBBA317E51BBB006C8432 /* APIClientConfiguration.m */,
				A1894E6C17D17C330052609F /* APIHTTPClient.h */,
				A1894E7117D17D9F0052609F /* APIAFNetworkingHTTPClient.h */,
				A1894E7217D17D9F0052609F /* APIAFNetworkingHTTPClient.m */,
			);
			name = Client;
			sourceTree = "<group>";
		};
		A18F659F17ED0F0C009D7818 /* Serializer */ = {
			isa = PBXGroup;
			children = (
				A18F65A017ED0F28009D7818 /* APIJSONSerializer.h */,
				A18F65A117ED0F28009D7818 /* APIJSONSerializer.m */,
			);
			name = Serializer;
			sourceTree = "<group>";
		};
		A19B25AE17D16E47008DA908 = {
			isa = PBXGroup;
			children = (
				A19B265217D17257008DA908 /* Classes */,
				A19B265717D1725E008DA908 /* Specs */,
				A19B25B917D16E47008DA908 /* Frameworks */,
				A19B25B817D16E47008DA908 /* Products */,
				C6E64584EE9D406A9F78DE5C /* Pods.xcconfig */,
				60820679716F4CCD8ABFA748 /* Pods-Specs.xcconfig */,
			);
			sourceTree = "<group>";
		};
		A19B25B817D16E47008DA908 /* Products */ = {
			isa = PBXGroup;
			children = (
				A19B260E17D17056008DA908 /* libAPIClient.a */,
				A19B261C17D17056008DA908 /* Specs.octest */,
			);
			name = Products;
			sourceTree = "<group>";
		};
		A19B25B917D16E47008DA908 /* Frameworks */ = {
			isa = PBXGroup;
			children = (
				A1894E6F17D17CC60052609F /* MobileCoreServices.framework */,
				A1894E6D17D17CBE0052609F /* SystemConfiguration.framework */,
				A1537E3717D1768400D22137 /* UIKit.framework */,
				A19B25BA17D16E47008DA908 /* Foundation.framework */,
				A19B25C917D16E47008DA908 /* SenTestingKit.framework */,
				7953515CB94E4A45B716298D /* libPods.a */,
				5D48E02F67DD4191847855B3 /* libPods-Specs.a */,
			);
			name = Frameworks;
			sourceTree = "<group>";
		};
		A19B265217D17257008DA908 /* Classes */ = {
			isa = PBXGroup;
			children = (
				A1060D2917DD284500EC32B7 /* Client */,
				A1D7C3E917DFDA9D000F8510 /* Response */,
				A1BEBB9417E4AE45006C8432 /* Router */,
				A18F659F17ED0F0C009D7818 /* Serializer */,
				A1DD518A180B7A3900465924 /* Mapper */,
				A19B265F17D17273008DA908 /* Supporting Files */,
			);
			name = Classes;
			path = ../Classes;
			sourceTree = "<group>";
		};
		A19B265717D1725E008DA908 /* Specs */ = {
			isa = PBXGroup;
			children = (
				A19B266017D1727D008DA908 /* Supporting Files */,
				A1D7C3ED17DFDAD0000F8510 /* Helper Classes */,
				A1E374F617DFBD8700235A34 /* SpecHelper.h */,
				A19B266117D172FE008DA908 /* APIClientSpecs.m */,
				A1D7C3F117DFE589000F8510 /* APIResponseSpecs.m */,
				A1BEBB9917E4C57F006C8432 /* APIRouterSpecs.m */,
				A1BEBBA017E519E4006C8432 /* APIInflectorSpecs.m */,
				A1BEBBA517E51D6B006C8432 /* APIClientConfigurationSpecs.m */,
				A125C14F17EDE0070063763F /* APIJSONSerializerSpec.m */,
				A12025DB180E08010019C01E /* APIMapperSpec.m */,
			);
			name = Specs;
			path = ../Specs;
			sourceTree = "<group>";
		};
		A19B265F17D17273008DA908 /* Supporting Files */ = {
			isa = PBXGroup;
			children = (
				A19B265317D17257008DA908 /* APIClient-Prefix.pch */,
			);
			name = "Supporting Files";
			sourceTree = "<group>";
		};
		A19B266017D1727D008DA908 /* Supporting Files */ = {
			isa = PBXGroup;
			children = (
				A19B265817D1725E008DA908 /* Info.plist */,
				A19B265A17D1725E008DA908 /* InfoPlist.strings */,
			);
			name = "Supporting Files";
			sourceTree = "<group>";
		};
		A1BEBB9417E4AE45006C8432 /* Router */ = {
			isa = PBXGroup;
			children = (
				A1BEBB9B17E4C6F2006C8432 /* Inflector */,
				A1BEBB9517E4AE62006C8432 /* APIRouter.h */,
				A1BEBB9617E4C1C2006C8432 /* APIRouter.m */,
			);
			name = Router;
			sourceTree = "<group>";
		};
		A1BEBB9B17E4C6F2006C8432 /* Inflector */ = {
			isa = PBXGroup;
			children = (
				A1BEBB9C17E4C702006C8432 /* APIInflector.h */,
				A1BEBB9D17E4C702006C8432 /* APIInflector.m */,
			);
			name = Inflector;
			sourceTree = "<group>";
		};
		A1D7C3E917DFDA9D000F8510 /* Response */ = {
			isa = PBXGroup;
			children = (
				A1D7C3EA17DFDAA8000F8510 /* APIResponse.h */,
				A1D7C3EB17DFDAA8000F8510 /* APIResponse.m */,
			);
			name = Response;
			sourceTree = "<group>";
		};
		A1D7C3ED17DFDAD0000F8510 /* Helper Classes */ = {
			isa = PBXGroup;
			children = (
				A1894E7417D17E400052609F /* APITestHTTPClient.h */,
				A1894E7517D17E400052609F /* APITestHTTPClient.m */,
				A1D7C3EE17DFDAE2000F8510 /* Product.h */,
				A1D7C3EF17DFDAE2000F8510 /* Product.m */,
				A15E12F5180E21EF00DA9A48 /* APITestMappingProvider.h */,
				A15E12F6180E21EF00DA9A48 /* APITestMappingProvider.m */,
			);
			name = "Helper Classes";
			sourceTree = "<group>";
		};
		A1DD518A180B7A3900465924 /* Mapper */ = {
			isa = PBXGroup;
			children = (
				A1DD518B180B7A4B00465924 /* APIMapper.h */,
				A124C1FF180B7DB70088BE4C /* APIMapper.m */,
				A15E12F9180E229E00DA9A48 /* APIMappingProvider.h */,
			);
			name = Mapper;
			sourceTree = "<group>";
		};
/* End PBXGroup section */

/* Begin PBXNativeTarget section */
		A19B260D17D17056008DA908 /* APIClient */ = {
			isa = PBXNativeTarget;
			buildConfigurationList = A19B262C17D17056008DA908 /* Build configuration list for PBXNativeTarget "APIClient" */;
			buildPhases = (
				CA87751B8E6A426D822CB695 /* Check Pods Manifest.lock */,
				A19B260A17D17056008DA908 /* Sources */,
				A19B260B17D17056008DA908 /* Frameworks */,
				A19B260C17D17056008DA908 /* CopyFiles */,
				6CC5A465E4B2405C96E8DCC9 /* Copy Pods Resources */,
			);
			buildRules = (
			);
			dependencies = (
			);
			name = APIClient;
			productName = APIClient;
			productReference = A19B260E17D17056008DA908 /* libAPIClient.a */;
			productType = "com.apple.product-type.library.static";
		};
		A19B261B17D17056008DA908 /* Specs */ = {
			isa = PBXNativeTarget;
			buildConfigurationList = A19B262F17D17056008DA908 /* Build configuration list for PBXNativeTarget "Specs" */;
			buildPhases = (
				38011CC564F04B04B1D0748F /* Check Pods Manifest.lock */,
				A19B261717D17056008DA908 /* Sources */,
				A19B261817D17056008DA908 /* Frameworks */,
				A19B261917D17056008DA908 /* Resources */,
				A19B261A17D17056008DA908 /* ShellScript */,
				7CCA93A80ECC4E6483C00A6A /* Copy Pods Resources */,
			);
			buildRules = (
			);
			dependencies = (
				A19B262117D17056008DA908 /* PBXTargetDependency */,
			);
			name = Specs;
			productName = APIClientTests;
			productReference = A19B261C17D17056008DA908 /* Specs.octest */;
			productType = "com.apple.product-type.bundle";
		};
/* End PBXNativeTarget section */

/* Begin PBXProject section */
		A19B25AF17D16E47008DA908 /* Project object */ = {
			isa = PBXProject;
			attributes = {
				CLASSPREFIX = API;
				LastUpgradeCheck = 0500;
				ORGANIZATIONNAME = "Klaas Pieter Annema";
			};
			buildConfigurationList = A19B25B217D16E47008DA908 /* Build configuration list for PBXProject "APIClient" */;
			compatibilityVersion = "Xcode 3.2";
			developmentRegion = English;
			hasScannedForEncodings = 0;
			knownRegions = (
				en,
			);
			mainGroup = A19B25AE17D16E47008DA908;
			productRefGroup = A19B25B817D16E47008DA908 /* Products */;
			projectDirPath = "";
			projectRoot = "";
			targets = (
				A19B260D17D17056008DA908 /* APIClient */,
				A19B261B17D17056008DA908 /* Specs */,
			);
		};
/* End PBXProject section */

/* Begin PBXResourcesBuildPhase section */
		A19B261917D17056008DA908 /* Resources */ = {
			isa = PBXResourcesBuildPhase;
			buildActionMask = 2147483647;
			files = (
				A19B265E17D1725E008DA908 /* InfoPlist.strings in Resources */,
			);
			runOnlyForDeploymentPostprocessing = 0;
		};
/* End PBXResourcesBuildPhase section */

/* Begin PBXShellScriptBuildPhase section */
		38011CC564F04B04B1D0748F /* Check Pods Manifest.lock */ = {
			isa = PBXShellScriptBuildPhase;
			buildActionMask = 2147483647;
			files = (
			);
			inputPaths = (
			);
			name = "Check Pods Manifest.lock";
			outputPaths = (
			);
			runOnlyForDeploymentPostprocessing = 0;
			shellPath = /bin/sh;
			shellScript = "diff \"${PODS_ROOT}/../Podfile.lock\" \"${PODS_ROOT}/Manifest.lock\" > /dev/null\nif [[ $? != 0 ]] ; then\n    cat << EOM\nerror: The sandbox is not in sync with the Podfile.lock. Run 'pod install' or update your CocoaPods installation.\nEOM\n    exit 1\nfi\n";
			showEnvVarsInLog = 0;
		};
		6CC5A465E4B2405C96E8DCC9 /* Copy Pods Resources */ = {
			isa = PBXShellScriptBuildPhase;
			buildActionMask = 2147483647;
			files = (
			);
			inputPaths = (
			);
			name = "Copy Pods Resources";
			outputPaths = (
			);
			runOnlyForDeploymentPostprocessing = 0;
			shellPath = /bin/sh;
			shellScript = "\"${SRCROOT}/Pods/Pods-resources.sh\"\n";
			showEnvVarsInLog = 0;
		};
		7CCA93A80ECC4E6483C00A6A /* Copy Pods Resources */ = {
			isa = PBXShellScriptBuildPhase;
			buildActionMask = 2147483647;
			files = (
			);
			inputPaths = (
			);
			name = "Copy Pods Resources";
			outputPaths = (
			);
			runOnlyForDeploymentPostprocessing = 0;
			shellPath = /bin/sh;
			shellScript = "\"${SRCROOT}/Pods/Pods-Specs-resources.sh\"\n";
			showEnvVarsInLog = 0;
		};
		A19B261A17D17056008DA908 /* ShellScript */ = {
			isa = PBXShellScriptBuildPhase;
			buildActionMask = 2147483647;
			files = (
			);
			inputPaths = (
			);
			outputPaths = (
			);
			runOnlyForDeploymentPostprocessing = 0;
			shellPath = /bin/sh;
			shellScript = "# Run the unit tests in this test bundle.\n\"${SYSTEM_DEVELOPER_DIR}/Tools/RunUnitTests\"\n";
		};
		CA87751B8E6A426D822CB695 /* Check Pods Manifest.lock */ = {
			isa = PBXShellScriptBuildPhase;
			buildActionMask = 2147483647;
			files = (
			);
			inputPaths = (
			);
			name = "Check Pods Manifest.lock";
			outputPaths = (
			);
			runOnlyForDeploymentPostprocessing = 0;
			shellPath = /bin/sh;
			shellScript = "diff \"${PODS_ROOT}/../Podfile.lock\" \"${PODS_ROOT}/Manifest.lock\" > /dev/null\nif [[ $? != 0 ]] ; then\n    cat << EOM\nerror: The sandbox is not in sync with the Podfile.lock. Run 'pod install' or update your CocoaPods installation.\nEOM\n    exit 1\nfi\n";
			showEnvVarsInLog = 0;
		};
/* End PBXShellScriptBuildPhase section */

/* Begin PBXSourcesBuildPhase section */
		A19B260A17D17056008DA908 /* Sources */ = {
			isa = PBXSourcesBuildPhase;
			buildActionMask = 2147483647;
			files = (
				A19B265617D17257008DA908 /* APIClient.m in Sources */,
				A1894E7317D17D9F0052609F /* APIAFNetworkingHTTPClient.m in Sources */,
				A1D7C3EC17DFDAA8000F8510 /* APIResponse.m in Sources */,
				A18F65A217ED0F28009D7818 /* APIJSONSerializer.m in Sources */,
				A1BEBB9717E4C1C2006C8432 /* APIRouter.m in Sources */,
				A124C200180B7DB70088BE4C /* APIMapper.m in Sources */,
				A1BEBB9E17E4C702006C8432 /* APIInflector.m in Sources */,
				A1BEBBA417E51BBC006C8432 /* APIClientConfiguration.m in Sources */,
			);
			runOnlyForDeploymentPostprocessing = 0;
		};
		A19B261717D17056008DA908 /* Sources */ = {
			isa = PBXSourcesBuildPhase;
			buildActionMask = 2147483647;
			files = (
				A19B266217D172FE008DA908 /* APIClientSpecs.m in Sources */,
				A1894E7617D17E400052609F /* APITestHTTPClient.m in Sources */,
				A1D7C3F017DFDAE2000F8510 /* Product.m in Sources */,
				A12025DC180E08010019C01E /* APIMapperSpec.m in Sources */,
				A125C15017EDE0070063763F /* APIJSONSerializerSpec.m in Sources */,
				A1D7C3F217DFE589000F8510 /* APIResponseSpecs.m in Sources */,
				A15E12F8180E21F100DA9A48 /* APITestMappingProvider.m in Sources */,
				A1BEBB9A17E4C57F006C8432 /* APIRouterSpecs.m in Sources */,
				A1BEBBA117E519E4006C8432 /* APIInflectorSpecs.m in Sources */,
				A1BEBBA617E51D6B006C8432 /* APIClientConfigurationSpecs.m in Sources */,
			);
			runOnlyForDeploymentPostprocessing = 0;
		};
/* End PBXSourcesBuildPhase section */

/* Begin PBXTargetDependency section */
		A19B262117D17056008DA908 /* PBXTargetDependency */ = {
			isa = PBXTargetDependency;
			target = A19B260D17D17056008DA908 /* APIClient */;
			targetProxy = A19B262017D17056008DA908 /* PBXContainerItemProxy */;
		};
/* End PBXTargetDependency section */

/* Begin PBXVariantGroup section */
		A19B265A17D1725E008DA908 /* InfoPlist.strings */ = {
			isa = PBXVariantGroup;
			children = (
				A19B265B17D1725E008DA908 /* en */,
			);
			name = InfoPlist.strings;
			sourceTree = "<group>";
		};
/* End PBXVariantGroup section */

/* Begin XCBuildConfiguration section */
		A19B25DA17D16E47008DA908 /* Debug */ = {
			isa = XCBuildConfiguration;
			buildSettings = {
				ALWAYS_SEARCH_USER_PATHS = NO;
				CLANG_CXX_LANGUAGE_STANDARD = "gnu++0x";
				CLANG_CXX_LIBRARY = "libc++";
				CLANG_ENABLE_OBJC_ARC = YES;
				CLANG_WARN_CONSTANT_CONVERSION = YES;
				CLANG_WARN_EMPTY_BODY = YES;
				CLANG_WARN_ENUM_CONVERSION = YES;
				CLANG_WARN_INT_CONVERSION = YES;
				CLANG_WARN__DUPLICATE_METHOD_MATCH = YES;
				COPY_PHASE_STRIP = NO;
				GCC_C_LANGUAGE_STANDARD = gnu99;
				GCC_DYNAMIC_NO_PIC = NO;
				GCC_OPTIMIZATION_LEVEL = 0;
				GCC_PREPROCESSOR_DEFINITIONS = (
					"DEBUG=1",
					"$(inherited)",
				);
				GCC_SYMBOLS_PRIVATE_EXTERN = NO;
				GCC_WARN_ABOUT_RETURN_TYPE = YES;
				GCC_WARN_UNINITIALIZED_AUTOS = YES;
				GCC_WARN_UNUSED_VARIABLE = YES;
				IPHONEOS_DEPLOYMENT_TARGET = 6.1;
				ONLY_ACTIVE_ARCH = YES;
				SDKROOT = iphoneos;
			};
			name = Debug;
		};
		A19B25DB17D16E47008DA908 /* Release */ = {
			isa = XCBuildConfiguration;
			buildSettings = {
				ALWAYS_SEARCH_USER_PATHS = NO;
				CLANG_CXX_LANGUAGE_STANDARD = "gnu++0x";
				CLANG_CXX_LIBRARY = "libc++";
				CLANG_ENABLE_OBJC_ARC = YES;
				CLANG_WARN_CONSTANT_CONVERSION = YES;
				CLANG_WARN_EMPTY_BODY = YES;
				CLANG_WARN_ENUM_CONVERSION = YES;
				CLANG_WARN_INT_CONVERSION = YES;
				CLANG_WARN__DUPLICATE_METHOD_MATCH = YES;
				COPY_PHASE_STRIP = YES;
				GCC_C_LANGUAGE_STANDARD = gnu99;
				GCC_WARN_ABOUT_RETURN_TYPE = YES;
				GCC_WARN_UNINITIALIZED_AUTOS = YES;
				GCC_WARN_UNUSED_VARIABLE = YES;
				IPHONEOS_DEPLOYMENT_TARGET = 6.1;
				SDKROOT = iphoneos;
				VALIDATE_PRODUCT = YES;
			};
			name = Release;
		};
		A19B262D17D17056008DA908 /* Debug */ = {
			isa = XCBuildConfiguration;
			baseConfigurationReference = C6E64584EE9D406A9F78DE5C /* Pods.xcconfig */;
			buildSettings = {
				DSTROOT = /tmp/APIClient.dst;
				FRAMEWORK_SEARCH_PATHS = "$(inherited)";
				GCC_PRECOMPILE_PREFIX_HEADER = YES;
				GCC_PREFIX_HEADER = "../Classes/APIClient-Prefix.pch";
				OTHER_LDFLAGS = (
					"-ObjC",
					"$(inherited)",
				);
				PRODUCT_NAME = "$(TARGET_NAME)";
				SKIP_INSTALL = YES;
			};
			name = Debug;
		};
		A19B262E17D17056008DA908 /* Release */ = {
			isa = XCBuildConfiguration;
			baseConfigurationReference = C6E64584EE9D406A9F78DE5C /* Pods.xcconfig */;
			buildSettings = {
				DSTROOT = /tmp/APIClient.dst;
				FRAMEWORK_SEARCH_PATHS = "$(inherited)";
				GCC_PRECOMPILE_PREFIX_HEADER = YES;
				GCC_PREFIX_HEADER = "../Classes/APIClient-Prefix.pch";
				OTHER_LDFLAGS = (
					"-ObjC",
					"$(inherited)",
				);
				PRODUCT_NAME = "$(TARGET_NAME)";
				SKIP_INSTALL = YES;
			};
			name = Release;
		};
		A19B263017D17056008DA908 /* Debug */ = {
			isa = XCBuildConfiguration;
			baseConfigurationReference = 60820679716F4CCD8ABFA748 /* Pods-Specs.xcconfig */;
			buildSettings = {
				FRAMEWORK_SEARCH_PATHS = (
					"\"$(SDKROOT)/Developer/Library/Frameworks\"",
					"\"$(DEVELOPER_LIBRARY_DIR)/Frameworks\"",
					"$(inherited)",
				);
				GCC_PRECOMPILE_PREFIX_HEADER = YES;
				GCC_PREFIX_HEADER = "../Classes/APIClient-Prefix.pch";
				INFOPLIST_FILE = ../Specs/Info.plist;
				OTHER_LDFLAGS = (
					"-ObjC",
					"-framework",
					CoreGraphics,
					"-framework",
					Foundation,
					"-framework",
					MobileCoreServices,
					"-framework",
					Security,
					"-framework",
					SenTestingKit,
					"-framework",
					SystemConfiguration,
					"$(inherited)",
				);
				PRODUCT_NAME = "$(TARGET_NAME)";
				WRAPPER_EXTENSION = octest;
			};
			name = Debug;
		};
		A19B263117D17056008DA908 /* Release */ = {
			isa = XCBuildConfiguration;
			baseConfigurationReference = 60820679716F4CCD8ABFA748 /* Pods-Specs.xcconfig */;
			buildSettings = {
				FRAMEWORK_SEARCH_PATHS = (
					"\"$(SDKROOT)/Developer/Library/Frameworks\"",
					"\"$(DEVELOPER_LIBRARY_DIR)/Frameworks\"",
					"$(inherited)",
				);
				GCC_PRECOMPILE_PREFIX_HEADER = YES;
				GCC_PREFIX_HEADER = "../Classes/APIClient-Prefix.pch";
				INFOPLIST_FILE = ../Specs/Info.plist;
				OTHER_LDFLAGS = (
					"-ObjC",
					"-framework",
					CoreGraphics,
					"-framework",
					Foundation,
					"-framework",
					MobileCoreServices,
					"-framework",
					Security,
					"-framework",
					SenTestingKit,
					"-framework",
					SystemConfiguration,
					"$(inherited)",
				);
				PRODUCT_NAME = "$(TARGET_NAME)";
				WRAPPER_EXTENSION = octest;
			};
			name = Release;
		};
/* End XCBuildConfiguration section */

/* Begin XCConfigurationList section */
		A19B25B217D16E47008DA908 /* Build configuration list for PBXProject "APIClient" */ = {
			isa = XCConfigurationList;
			buildConfigurations = (
				A19B25DA17D16E47008DA908 /* Debug */,
				A19B25DB17D16E47008DA908 /* Release */,
			);
			defaultConfigurationIsVisible = 0;
			defaultConfigurationName = Release;
		};
		A19B262C17D17056008DA908 /* Build configuration list for PBXNativeTarget "APIClient" */ = {
			isa = XCConfigurationList;
			buildConfigurations = (
				A19B262D17D17056008DA908 /* Debug */,
				A19B262E17D17056008DA908 /* Release */,
			);
			defaultConfigurationIsVisible = 0;
			defaultConfigurationName = Release;
		};
		A19B262F17D17056008DA908 /* Build configuration list for PBXNativeTarget "Specs" */ = {
			isa = XCConfigurationList;
			buildConfigurations = (
				A19B263017D17056008DA908 /* Debug */,
				A19B263117D17056008DA908 /* Release */,
			);
			defaultConfigurationIsVisible = 0;
			defaultConfigurationName = Release;
		};
/* End XCConfigurationList section */
	};
	rootObject = A19B25AF17D16E47008DA908 /* Project object */;
}
